// !$*UTF8*$!
{
	archiveVersion = 1;
	classes = {
	};
	objectVersion = 77;
	objects = {

/* Begin PBXBuildFile section */
		0768763F3FE4FA32EB871EF8 /* FileRowView.swift in Sources */ = {isa = PBXBuildFile; fileRef = 146D2F29BD1A1DD1665C5BE7 /* FileRowView.swift */; };
		08202F7049DAE17F872DED02 /* FileBrowserViewModel.swift in Sources */ = {isa = PBXBuildFile; fileRef = D995CE496B48FA55FD9DEF6A /* FileBrowserViewModel.swift */; };
		0ABDF00DE0E41618712B96BB /* VaultCrypto.swift in Sources */ = {isa = PBXBuildFile; fileRef = 1DF96E9D3C1E121B1E96E5F4 /* VaultCrypto.swift */; };
		0B14464E34124455D8BF8D87 /* PhotosViewModel.swift in Sources */ = {isa = PBXBuildFile; fileRef = 6E8E9F8455365798092C4DFB /* PhotosViewModel.swift */; };
		0C0E5E9208BCB9FBFBBD910B /* VaultFileItem.swift in Sources */ = {isa = PBXBuildFile; fileRef = 42209600639B9C22079E9670 /* VaultFileItem.swift */; };
		168FABFD234FAE229D465E39 /* RecycleBinView.swift in Sources */ = {isa = PBXBuildFile; fileRef = 88A2A54A57CEADCA403804E1 /* RecycleBinView.swift */; };
		180C0378CDEADF6688701252 /* FastCDC.swift in Sources */ = {isa = PBXBuildFile; fileRef = E2BCBEFBBE8AC2609E25215F /* FastCDC.swift */; };
		19130481F0ED671B155F817F /* VaultShare.appex in Embed Foundation Extensions */ = {isa = PBXBuildFile; fileRef = 3D0EFA9CC6E443C612546AFC /* VaultShare.appex */; settings = {ATTRIBUTES = (RemoveHeadersOnCopy, ); }; };
		1EDF50F93C2B5940762630EA /* PhotoBackupManager.swift in Sources */ = {isa = PBXBuildFile; fileRef = 5F0EE9F01A1EB887A290504F /* PhotoBackupManager.swift */; };
		22677524649F4F01E48869FF /* VaultFileProviderExtension.swift in Sources */ = {isa = PBXBuildFile; fileRef = 2FA57DD1324F970B95130AE8 /* VaultFileProviderExtension.swift */; };
		40A2FC991EF7F5D7369F0552 /* DocArmorFolderView.swift in Sources */ = {isa = PBXBuildFile; fileRef = D5906A8BF8BC26BD6FFA7E98 /* DocArmorFolderView.swift */; };
		41A3153ED942A7D314CE4A8F /* VaultApp.swift in Sources */ = {isa = PBXBuildFile; fileRef = E99F9D00876693B1D808BA2C /* VaultApp.swift */; };
		4EE3E11259C8DEE40B2A1409 /* SyncState.swift in Sources */ = {isa = PBXBuildFile; fileRef = 9E7115C9F830F462012DA4EC /* SyncState.swift */; };
		55EEDFA62DCAD6B8EB523420 /* VaultManifest.swift in Sources */ = {isa = PBXBuildFile; fileRef = 86771A820BF7FC05675B4272 /* VaultManifest.swift */; };
		5C26E2A9C0580A7ED6A04EAB /* StorageQuotaView.swift in Sources */ = {isa = PBXBuildFile; fileRef = 3E845B566D3BF6AC839915C0 /* StorageQuotaView.swift */; };
		5C2AB085574802735BEB0B8B /* BiometricLock.swift in Sources */ = {isa = PBXBuildFile; fileRef = C754348E7C222A87AEFB8E9B /* BiometricLock.swift */; };
		5E83A8DEC70F14CA2669EB92 /* VaultFileProvider.appex in Embed Foundation Extensions */ = {isa = PBXBuildFile; fileRef = A4CCFA1ADAABA739E8476F41 /* VaultFileProvider.appex */; settings = {ATTRIBUTES = (RemoveHeadersOnCopy, ); }; };
		6CE6B4F454D6004B1C6B36F0 /* PhotosView.swift in Sources */ = {isa = PBXBuildFile; fileRef = 0A8556A97A4E3B84F26823AA /* PhotosView.swift */; };
		781EDBA16BA48455306F69D9 /* FileBrowserView.swift in Sources */ = {isa = PBXBuildFile; fileRef = BA7EC3FB8141B0F4D7CC1960 /* FileBrowserView.swift */; };
		794722FF3786E664549B4A65 /* ShareViewController.swift in Sources */ = {isa = PBXBuildFile; fileRef = 2EA84B36B69F5E4E05B2F6AD /* ShareViewController.swift */; };
		7FA737D88616FE6464506964 /* PerFolderLock.swift in Sources */ = {isa = PBXBuildFile; fileRef = C5AB12DC5F0732E9AD18ACEF /* PerFolderLock.swift */; };
		93F96A9CFF784471A6030B61 /* FileIconView.swift in Sources */ = {isa = PBXBuildFile; fileRef = 7599892F6A4C813BA72A0119 /* FileIconView.swift */; };
		A32B8BE42C5BC137DF1703EF /* VaultKeyManager.swift in Sources */ = {isa = PBXBuildFile; fileRef = 57206996A054400EEF17E246 /* VaultKeyManager.swift */; };
		AA364500DCC296D5D3C4CCB8 /* FileVersionsView.swift in Sources */ = {isa = PBXBuildFile; fileRef = BC99130FB3DFEE8DB5125AA1 /* FileVersionsView.swift */; };
		B09E84ACCB6D75A18920538E /* VaultAPIClient.swift in Sources */ = {isa = PBXBuildFile; fileRef = 39481199B6CB3F3482004760 /* VaultAPIClient.swift */; };
		B44A5B4D6B617F83DEB21DF1 /* VaultFileProviderItem.swift in Sources */ = {isa = PBXBuildFile; fileRef = E6689E73FC23CF8E1C76216D /* VaultFileProviderItem.swift */; };
		B726502AEAF163541D69BD5E /* VaultSyncEngine.swift in Sources */ = {isa = PBXBuildFile; fileRef = 02D65CE83DFEE043122E73ED /* VaultSyncEngine.swift */; };
		C1220AB949F9D89560372244 /* ContentView.swift in Sources */ = {isa = PBXBuildFile; fileRef = 1A1FB77CC808FDDFF55990C1 /* ContentView.swift */; };
		C4C8FD1EE72A7FBE8C5F82DE /* Assets.xcassets in Resources */ = {isa = PBXBuildFile; fileRef = 87E84DB85BD2068C369A0E40 /* Assets.xcassets */; };
		D3CED8B7A7D1A54F51BB39A9 /* VaultEnumerator.swift in Sources */ = {isa = PBXBuildFile; fileRef = F830083E2B12A292C784C99C /* VaultEnumerator.swift */; };
		D43E8A76C2FE0AF4FB6EC226 /* VaultFile.swift in Sources */ = {isa = PBXBuildFile; fileRef = CEE91C06CE40E3712B8898B6 /* VaultFile.swift */; };
		DC7744F9666277289AFB7642 /* MainTabView.swift in Sources */ = {isa = PBXBuildFile; fileRef = BAE93C79B5A93F77289A14A2 /* MainTabView.swift */; };
		E2C2540C830357D7056CA53E /* VaultChunk.swift in Sources */ = {isa = PBXBuildFile; fileRef = 97F57508EAEC5BECE0497A0D /* VaultChunk.swift */; };
		E481B503E212216C97EF983C /* FileGridView.swift in Sources */ = {isa = PBXBuildFile; fileRef = 9F55995F7286672B4B213056 /* FileGridView.swift */; };
		E66703D0A812B99E037A6F5C /* LockScreenView.swift in Sources */ = {isa = PBXBuildFile; fileRef = B0C82E3F9197932F80C91151 /* LockScreenView.swift */; };
		FDD97B0168192EC903D8F70A /* DocArmorBridge.swift in Sources */ = {isa = PBXBuildFile; fileRef = C8A1424DE4DC3454E083764A /* DocArmorBridge.swift */; };
/* End PBXBuildFile section */

/* Begin PBXContainerItemProxy section */
		3F08345D7E6BF04C20BCD4F3 /* PBXContainerItemProxy */ = {
			isa = PBXContainerItemProxy;
			containerPortal = 6726577CA9BEF50368DB229B /* Project object */;
			proxyType = 1;
			remoteGlobalIDString = 87C2025DA51B22B4CC6AE675;
			remoteInfo = VaultShare;
		};
		6B722B191DCCA7917C041390 /* PBXContainerItemProxy */ = {
			isa = PBXContainerItemProxy;
			containerPortal = 6726577CA9BEF50368DB229B /* Project object */;
			proxyType = 1;
			remoteGlobalIDString = 0EAB2EDFE929AFB661C06B7A;
			remoteInfo = VaultFileProvider;
		};
/* End PBXContainerItemProxy section */

/* Begin PBXCopyFilesBuildPhase section */
		BB39D374C511455F29681B13 /* Embed Foundation Extensions */ = {
			isa = PBXCopyFilesBuildPhase;
			buildActionMask = 2147483647;
			dstPath = "";
			dstSubfolderSpec = 13;
			files = (
				5E83A8DEC70F14CA2669EB92 /* VaultFileProvider.appex in Embed Foundation Extensions */,
				19130481F0ED671B155F817F /* VaultShare.appex in Embed Foundation Extensions */,
			);
			name = "Embed Foundation Extensions";
			runOnlyForDeploymentPostprocessing = 0;
		};
/* End PBXCopyFilesBuildPhase section */

/* Begin PBXFileReference section */
		02D65CE83DFEE043122E73ED /* VaultSyncEngine.swift */ = {isa = PBXFileReference; lastKnownFileType = sourcecode.swift; path = VaultSyncEngine.swift; sourceTree = "<group>"; };
		0A8556A97A4E3B84F26823AA /* PhotosView.swift */ = {isa = PBXFileReference; lastKnownFileType = sourcecode.swift; path = PhotosView.swift; sourceTree = "<group>"; };
		146D2F29BD1A1DD1665C5BE7 /* FileRowView.swift */ = {isa = PBXFileReference; lastKnownFileType = sourcecode.swift; path = FileRowView.swift; sourceTree = "<group>"; };
		1A1FB77CC808FDDFF55990C1 /* ContentView.swift */ = {isa = PBXFileReference; lastKnownFileType = sourcecode.swift; path = ContentView.swift; sourceTree = "<group>"; };
		1DF96E9D3C1E121B1E96E5F4 /* VaultCrypto.swift */ = {isa = PBXFileReference; lastKnownFileType = sourcecode.swift; path = VaultCrypto.swift; sourceTree = "<group>"; };
		1F675E6731972CDBFF376FCF /* Info.plist */ = {isa = PBXFileReference; lastKnownFileType = text.plist; path = Info.plist; sourceTree = "<group>"; };
		2EA84B36B69F5E4E05B2F6AD /* ShareViewController.swift */ = {isa = PBXFileReference; lastKnownFileType = sourcecode.swift; path = ShareViewController.swift; sourceTree = "<group>"; };
		2F3EC444FCA480154B1E7818 /* Vaultyx.app */ = {isa = PBXFileReference; includeInIndex = 0; lastKnownFileType = wrapper.application; path = Vaultyx.app; sourceTree = BUILT_PRODUCTS_DIR; };
		2FA57DD1324F970B95130AE8 /* VaultFileProviderExtension.swift */ = {isa = PBXFileReference; lastKnownFileType = sourcecode.swift; path = VaultFileProviderExtension.swift; sourceTree = "<group>"; };
		39481199B6CB3F3482004760 /* VaultAPIClient.swift */ = {isa = PBXFileReference; lastKnownFileType = sourcecode.swift; path = VaultAPIClient.swift; sourceTree = "<group>"; };
		3D0EFA9CC6E443C612546AFC /* VaultShare.appex */ = {isa = PBXFileReference; includeInIndex = 0; lastKnownFileType = "wrapper.app-extension"; path = VaultShare.appex; sourceTree = BUILT_PRODUCTS_DIR; };
		3E845B566D3BF6AC839915C0 /* StorageQuotaView.swift */ = {isa = PBXFileReference; lastKnownFileType = sourcecode.swift; path = StorageQuotaView.swift; sourceTree = "<group>"; };
		42209600639B9C22079E9670 /* VaultFileItem.swift */ = {isa = PBXFileReference; lastKnownFileType = sourcecode.swift; path = VaultFileItem.swift; sourceTree = "<group>"; };
		57206996A054400EEF17E246 /* VaultKeyManager.swift */ = {isa = PBXFileReference; lastKnownFileType = sourcecode.swift; path = VaultKeyManager.swift; sourceTree = "<group>"; };
		5D2D0C8F6A636C6333585B7F /* Info.plist */ = {isa = PBXFileReference; lastKnownFileType = text.plist; path = Info.plist; sourceTree = "<group>"; };
		5F0EE9F01A1EB887A290504F /* PhotoBackupManager.swift */ = {isa = PBXFileReference; lastKnownFileType = sourcecode.swift; path = PhotoBackupManager.swift; sourceTree = "<group>"; };
		6E8E9F8455365798092C4DFB /* PhotosViewModel.swift */ = {isa = PBXFileReference; lastKnownFileType = sourcecode.swift; path = PhotosViewModel.swift; sourceTree = "<group>"; };
		7599892F6A4C813BA72A0119 /* FileIconView.swift */ = {isa = PBXFileReference; lastKnownFileType = sourcecode.swift; path = FileIconView.swift; sourceTree = "<group>"; };
		822D4EFE0CEE5C0D5965D1B5 /* Info.plist */ = {isa = PBXFileReference; lastKnownFileType = text.plist; path = Info.plist; sourceTree = "<group>"; };
		86771A820BF7FC05675B4272 /* VaultManifest.swift */ = {isa = PBXFileReference; lastKnownFileType = sourcecode.swift; path = VaultManifest.swift; sourceTree = "<group>"; };
		87E84DB85BD2068C369A0E40 /* Assets.xcassets */ = {isa = PBXFileReference; lastKnownFileType = folder.assetcatalog; path = Assets.xcassets; sourceTree = "<group>"; };
		88A2A54A57CEADCA403804E1 /* RecycleBinView.swift */ = {isa = PBXFileReference; lastKnownFileType = sourcecode.swift; path = RecycleBinView.swift; sourceTree = "<group>"; };
		934B71E7AE2335EB96BE6F9E /* Vaultyx.entitlements */ = {isa = PBXFileReference; lastKnownFileType = text.plist.entitlements; path = Vaultyx.entitlements; sourceTree = "<group>"; };
		97F57508EAEC5BECE0497A0D /* VaultChunk.swift */ = {isa = PBXFileReference; lastKnownFileType = sourcecode.swift; path = VaultChunk.swift; sourceTree = "<group>"; };
		9E7115C9F830F462012DA4EC /* SyncState.swift */ = {isa = PBXFileReference; lastKnownFileType = sourcecode.swift; path = SyncState.swift; sourceTree = "<group>"; };
		9F55995F7286672B4B213056 /* FileGridView.swift */ = {isa = PBXFileReference; lastKnownFileType = sourcecode.swift; path = FileGridView.swift; sourceTree = "<group>"; };
		A4CCFA1ADAABA739E8476F41 /* VaultFileProvider.appex */ = {isa = PBXFileReference; includeInIndex = 0; lastKnownFileType = "wrapper.app-extension"; path = VaultFileProvider.appex; sourceTree = BUILT_PRODUCTS_DIR; };
		B0C82E3F9197932F80C91151 /* LockScreenView.swift */ = {isa = PBXFileReference; lastKnownFileType = sourcecode.swift; path = LockScreenView.swift; sourceTree = "<group>"; };
		B734F330E1459EE76E1B8FF0 /* VaultFileProvider.entitlements */ = {isa = PBXFileReference; lastKnownFileType = text.plist.entitlements; path = VaultFileProvider.entitlements; sourceTree = "<group>"; };
		BA7EC3FB8141B0F4D7CC1960 /* FileBrowserView.swift */ = {isa = PBXFileReference; lastKnownFileType = sourcecode.swift; path = FileBrowserView.swift; sourceTree = "<group>"; };
		BAE93C79B5A93F77289A14A2 /* MainTabView.swift */ = {isa = PBXFileReference; lastKnownFileType = sourcecode.swift; path = MainTabView.swift; sourceTree = "<group>"; };
		BC99130FB3DFEE8DB5125AA1 /* FileVersionsView.swift */ = {isa = PBXFileReference; lastKnownFileType = sourcecode.swift; path = FileVersionsView.swift; sourceTree = "<group>"; };
		C5AB12DC5F0732E9AD18ACEF /* PerFolderLock.swift */ = {isa = PBXFileReference; lastKnownFileType = sourcecode.swift; path = PerFolderLock.swift; sourceTree = "<group>"; };
		C754348E7C222A87AEFB8E9B /* BiometricLock.swift */ = {isa = PBXFileReference; lastKnownFileType = sourcecode.swift; path = BiometricLock.swift; sourceTree = "<group>"; };
		C8A1424DE4DC3454E083764A /* DocArmorBridge.swift */ = {isa = PBXFileReference; lastKnownFileType = sourcecode.swift; path = DocArmorBridge.swift; sourceTree = "<group>"; };
		CEE91C06CE40E3712B8898B6 /* VaultFile.swift */ = {isa = PBXFileReference; lastKnownFileType = sourcecode.swift; path = VaultFile.swift; sourceTree = "<group>"; };
		D5906A8BF8BC26BD6FFA7E98 /* DocArmorFolderView.swift */ = {isa = PBXFileReference; lastKnownFileType = sourcecode.swift; path = DocArmorFolderView.swift; sourceTree = "<group>"; };
		D995CE496B48FA55FD9DEF6A /* FileBrowserViewModel.swift */ = {isa = PBXFileReference; lastKnownFileType = sourcecode.swift; path = FileBrowserViewModel.swift; sourceTree = "<group>"; };
		E2BCBEFBBE8AC2609E25215F /* FastCDC.swift */ = {isa = PBXFileReference; lastKnownFileType = sourcecode.swift; path = FastCDC.swift; sourceTree = "<group>"; };
		E6224F29A715A5E7D5B92110 /* VaultShare.entitlements */ = {isa = PBXFileReference; lastKnownFileType = text.plist.entitlements; path = VaultShare.entitlements; sourceTree = "<group>"; };
		E6689E73FC23CF8E1C76216D /* VaultFileProviderItem.swift */ = {isa = PBXFileReference; lastKnownFileType = sourcecode.swift; path = VaultFileProviderItem.swift; sourceTree = "<group>"; };
		E99F9D00876693B1D808BA2C /* VaultApp.swift */ = {isa = PBXFileReference; lastKnownFileType = sourcecode.swift; path = VaultApp.swift; sourceTree = "<group>"; };
		F830083E2B12A292C784C99C /* VaultEnumerator.swift */ = {isa = PBXFileReference; lastKnownFileType = sourcecode.swift; path = VaultEnumerator.swift; sourceTree = "<group>"; };
/* End PBXFileReference section */

/* Begin PBXGroup section */
		03684D0367C92D661A483331 /* FileBrowser */ = {
			isa = PBXGroup;
			children = (
				BA7EC3FB8141B0F4D7CC1960 /* FileBrowserView.swift */,
				D995CE496B48FA55FD9DEF6A /* FileBrowserViewModel.swift */,
				9F55995F7286672B4B213056 /* FileGridView.swift */,
				146D2F29BD1A1DD1665C5BE7 /* FileRowView.swift */,
			);
			path = FileBrowser;
			sourceTree = "<group>";
		};
		296B408CAFB54CF5848969AB /* Storage */ = {
			isa = PBXGroup;
			children = (
				3E845B566D3BF6AC839915C0 /* StorageQuotaView.swift */,
			);
			path = Storage;
			sourceTree = "<group>";
		};
		340F4495C577EDCE2B345EBD /* Photos */ = {
			isa = PBXGroup;
			children = (
				0A8556A97A4E3B84F26823AA /* PhotosView.swift */,
				6E8E9F8455365798092C4DFB /* PhotosViewModel.swift */,
			);
			path = Photos;
			sourceTree = "<group>";
		};
		40E833C6F49D18324CBE1591 /* Sync */ = {
			isa = PBXGroup;
			children = (
				5F0EE9F01A1EB887A290504F /* PhotoBackupManager.swift */,
				02D65CE83DFEE043122E73ED /* VaultSyncEngine.swift */,
			);
			path = Sync;
			sourceTree = "<group>";
		};
		4A85AF389B589AA57F72BA75 /* Models */ = {
			isa = PBXGroup;
			children = (
				9E7115C9F830F462012DA4EC /* SyncState.swift */,
				97F57508EAEC5BECE0497A0D /* VaultChunk.swift */,
				CEE91C06CE40E3712B8898B6 /* VaultFile.swift */,
				42209600639B9C22079E9670 /* VaultFileItem.swift */,
				86771A820BF7FC05675B4272 /* VaultManifest.swift */,
			);
			path = Models;
			sourceTree = "<group>";
		};
		51B6753A67C359F3A421D64C /* Versions */ = {
			isa = PBXGroup;
			children = (
				BC99130FB3DFEE8DB5125AA1 /* FileVersionsView.swift */,
			);
			path = Versions;
			sourceTree = "<group>";
		};
		556D9DBE1693489FD560B7F3 /* App */ = {
			isa = PBXGroup;
			children = (
				1A1FB77CC808FDDFF55990C1 /* ContentView.swift */,
				5D2D0C8F6A636C6333585B7F /* Info.plist */,
				E99F9D00876693B1D808BA2C /* VaultApp.swift */,
				934B71E7AE2335EB96BE6F9E /* Vaultyx.entitlements */,
			);
			path = App;
			sourceTree = "<group>";
		};
		60FB0FCB056E50C67FBE60D7 /* DocArmor */ = {
			isa = PBXGroup;
			children = (
				C8A1424DE4DC3454E083764A /* DocArmorBridge.swift */,
				D5906A8BF8BC26BD6FFA7E98 /* DocArmorFolderView.swift */,
			);
			path = DocArmor;
			sourceTree = "<group>";
		};
		63E33E95FFA05CF5BFACE9B6 /* Navigation */ = {
			isa = PBXGroup;
			children = (
				BAE93C79B5A93F77289A14A2 /* MainTabView.swift */,
			);
			path = Navigation;
			sourceTree = "<group>";
		};
		7001106F97617627D2E2B943 /* ShareExtension */ = {
			isa = PBXGroup;
			children = (
				1F675E6731972CDBFF376FCF /* Info.plist */,
				2EA84B36B69F5E4E05B2F6AD /* ShareViewController.swift */,
				E6224F29A715A5E7D5B92110 /* VaultShare.entitlements */,
			);
			path = ShareExtension;
			sourceTree = "<group>";
		};
		953E4AA777F643C1DC0FE09C /* Sources */ = {
			isa = PBXGroup;
			children = (
				87E84DB85BD2068C369A0E40 /* Assets.xcassets */,
				556D9DBE1693489FD560B7F3 /* App */,
				B18EFB34E6FC343BF89F04A8 /* Chunker */,
				E4E196640306EB9611F2C7E2 /* Crypto */,
				60FB0FCB056E50C67FBE60D7 /* DocArmor */,
				4A85AF389B589AA57F72BA75 /* Models */,
				F708F76D4CA945F06CCCAC36 /* Network */,
				B6D7798513A0366FAE648C78 /* Security */,
				40E833C6F49D18324CBE1591 /* Sync */,
				FB379B7524A1335A219FB53C /* UI */,
			);
			path = Sources;
			sourceTree = "<group>";
		};
		A3D77689CF04A159933CE06A = {
			isa = PBXGroup;
			children = (
				FF40ECBC8C5048529843567F /* FileProvider */,
				7001106F97617627D2E2B943 /* ShareExtension */,
				953E4AA777F643C1DC0FE09C /* Sources */,
				A6E36D091AF0E1C6BC0EFA1B /* Products */,
			);
			sourceTree = "<group>";
		};
		A6E36D091AF0E1C6BC0EFA1B /* Products */ = {
			isa = PBXGroup;
			children = (
				A4CCFA1ADAABA739E8476F41 /* VaultFileProvider.appex */,
				3D0EFA9CC6E443C612546AFC /* VaultShare.appex */,
				2F3EC444FCA480154B1E7818 /* Vaultyx.app */,
			);
			name = Products;
			sourceTree = "<group>";
		};
		B18EFB34E6FC343BF89F04A8 /* Chunker */ = {
			isa = PBXGroup;
			children = (
				E2BCBEFBBE8AC2609E25215F /* FastCDC.swift */,
			);
			path = Chunker;
			sourceTree = "<group>";
		};
		B6D7798513A0366FAE648C78 /* Security */ = {
			isa = PBXGroup;
			children = (
				C754348E7C222A87AEFB8E9B /* BiometricLock.swift */,
				B0C82E3F9197932F80C91151 /* LockScreenView.swift */,
				C5AB12DC5F0732E9AD18ACEF /* PerFolderLock.swift */,
			);
			path = Security;
			sourceTree = "<group>";
		};
		CF48AA7F6A2D3D9364577FE1 /* RecycleBin */ = {
			isa = PBXGroup;
			children = (
				88A2A54A57CEADCA403804E1 /* RecycleBinView.swift */,
			);
			path = RecycleBin;
			sourceTree = "<group>";
		};
		DABB602586E7D340A1FE2723 /* Common */ = {
			isa = PBXGroup;
			children = (
				7599892F6A4C813BA72A0119 /* FileIconView.swift */,
			);
			path = Common;
			sourceTree = "<group>";
		};
		E4E196640306EB9611F2C7E2 /* Crypto */ = {
			isa = PBXGroup;
			children = (
				1DF96E9D3C1E121B1E96E5F4 /* VaultCrypto.swift */,
				57206996A054400EEF17E246 /* VaultKeyManager.swift */,
			);
			path = Crypto;
			sourceTree = "<group>";
		};
		F708F76D4CA945F06CCCAC36 /* Network */ = {
			isa = PBXGroup;
			children = (
				39481199B6CB3F3482004760 /* VaultAPIClient.swift */,
			);
			path = Network;
			sourceTree = "<group>";
		};
		FB379B7524A1335A219FB53C /* UI */ = {
			isa = PBXGroup;
			children = (
				DABB602586E7D340A1FE2723 /* Common */,
				03684D0367C92D661A483331 /* FileBrowser */,
				63E33E95FFA05CF5BFACE9B6 /* Navigation */,
				340F4495C577EDCE2B345EBD /* Photos */,
				CF48AA7F6A2D3D9364577FE1 /* RecycleBin */,
				296B408CAFB54CF5848969AB /* Storage */,
				51B6753A67C359F3A421D64C /* Versions */,
			);
			path = UI;
			sourceTree = "<group>";
		};
		FF40ECBC8C5048529843567F /* FileProvider */ = {
			isa = PBXGroup;
			children = (
				822D4EFE0CEE5C0D5965D1B5 /* Info.plist */,
				F830083E2B12A292C784C99C /* VaultEnumerator.swift */,
				B734F330E1459EE76E1B8FF0 /* VaultFileProvider.entitlements */,
				2FA57DD1324F970B95130AE8 /* VaultFileProviderExtension.swift */,
				E6689E73FC23CF8E1C76216D /* VaultFileProviderItem.swift */,
			);
			path = FileProvider;
			sourceTree = "<group>";
		};
/* End PBXGroup section */

/* Begin PBXNativeTarget section */
		0EAB2EDFE929AFB661C06B7A /* VaultFileProvider */ = {
			isa = PBXNativeTarget;
			buildConfigurationList = C1EA617254D2B162E87DDB15 /* Build configuration list for PBXNativeTarget "VaultFileProvider" */;
			buildPhases = (
				69781BD3BD7290A779B00E3A /* Sources */,
			);
			buildRules = (
			);
			dependencies = (
			);
			name = VaultFileProvider;
			packageProductDependencies = (
			);
			productName = VaultFileProvider;
			productReference = A4CCFA1ADAABA739E8476F41 /* VaultFileProvider.appex */;
			productType = "com.apple.product-type.app-extension";
		};
		4C1FEDC6D48618F38825A460 /* Vaultyx */ = {
			isa = PBXNativeTarget;
			buildConfigurationList = 1D4309A56B3A73C0936B4E13 /* Build configuration list for PBXNativeTarget "Vaultyx" */;
			buildPhases = (
				ABC2103D7D4D4D0DB6262A62 /* Sources */,
				18CD258F99D811D37EA3B963 /* Resources */,
				BB39D374C511455F29681B13 /* Embed Foundation Extensions */,
			);
			buildRules = (
			);
			dependencies = (
				44F41A651399003EF7E31BC4 /* PBXTargetDependency */,
				F48A8270C69784F311162D70 /* PBXTargetDependency */,
			);
			name = Vaultyx;
			packageProductDependencies = (
			);
			productName = Vaultyx;
			productReference = 2F3EC444FCA480154B1E7818 /* Vaultyx.app */;
			productType = "com.apple.product-type.application";
		};
		87C2025DA51B22B4CC6AE675 /* VaultShare */ = {
			isa = PBXNativeTarget;
			buildConfigurationList = B485A1C84B0D72B12EBD7D27 /* Build configuration list for PBXNativeTarget "VaultShare" */;
			buildPhases = (
				9F970B06E4F5B55766E6D631 /* Sources */,
			);
			buildRules = (
			);
			dependencies = (
			);
			name = VaultShare;
			packageProductDependencies = (
			);
			productName = VaultShare;
			productReference = 3D0EFA9CC6E443C612546AFC /* VaultShare.appex */;
			productType = "com.apple.product-type.app-extension";
		};
/* End PBXNativeTarget section */

/* Begin PBXProject section */
		6726577CA9BEF50368DB229B /* Project object */ = {
			isa = PBXProject;
			attributes = {
				BuildIndependentTargetsInParallel = YES;
				LastUpgradeCheck = 1600;
				TargetAttributes = {
					0EAB2EDFE929AFB661C06B7A = {
						DevelopmentTeam = 2SGGP65W6C;
						ProvisioningStyle = Automatic;
					};
					4C1FEDC6D48618F38825A460 = {
						DevelopmentTeam = 2SGGP65W6C;
						ProvisioningStyle = Automatic;
					};
					87C2025DA51B22B4CC6AE675 = {
						DevelopmentTeam = 2SGGP65W6C;
						ProvisioningStyle = Automatic;
					};
				};
			};
			buildConfigurationList = 7B085974777A404875EE55AC /* Build configuration list for PBXProject "Vaultyx" */;
			developmentRegion = en;
			hasScannedForEncodings = 0;
			knownRegions = (
				Base,
				en,
			);
			mainGroup = A3D77689CF04A159933CE06A;
			minimizedProjectReferenceProxies = 1;
			preferredProjectObjectVersion = 77;
			productRefGroup = A6E36D091AF0E1C6BC0EFA1B /* Products */;
			projectDirPath = "";
			projectRoot = "";
			targets = (
				0EAB2EDFE929AFB661C06B7A /* VaultFileProvider */,
				87C2025DA51B22B4CC6AE675 /* VaultShare */,
				4C1FEDC6D48618F38825A460 /* Vaultyx */,
			);
		};
/* End PBXProject section */

/* Begin PBXResourcesBuildPhase section */
		18CD258F99D811D37EA3B963 /* Resources */ = {
			isa = PBXResourcesBuildPhase;
			buildActionMask = 2147483647;
			files = (
				C4C8FD1EE72A7FBE8C5F82DE /* Assets.xcassets in Resources */,
			);
			runOnlyForDeploymentPostprocessing = 0;
		};
/* End PBXResourcesBuildPhase section */

/* Begin PBXSourcesBuildPhase section */
		69781BD3BD7290A779B00E3A /* Sources */ = {
			isa = PBXSourcesBuildPhase;
			buildActionMask = 2147483647;
			files = (
				D3CED8B7A7D1A54F51BB39A9 /* VaultEnumerator.swift in Sources */,
				22677524649F4F01E48869FF /* VaultFileProviderExtension.swift in Sources */,
				B44A5B4D6B617F83DEB21DF1 /* VaultFileProviderItem.swift in Sources */,
			);
			runOnlyForDeploymentPostprocessing = 0;
		};
		9F970B06E4F5B55766E6D631 /* Sources */ = {
			isa = PBXSourcesBuildPhase;
			buildActionMask = 2147483647;
			files = (
				794722FF3786E664549B4A65 /* ShareViewController.swift in Sources */,
			);
			runOnlyForDeploymentPostprocessing = 0;
		};
		ABC2103D7D4D4D0DB6262A62 /* Sources */ = {
			isa = PBXSourcesBuildPhase;
			buildActionMask = 2147483647;
			files = (
				5C2AB085574802735BEB0B8B /* BiometricLock.swift in Sources */,
				C1220AB949F9D89560372244 /* ContentView.swift in Sources */,
				FDD97B0168192EC903D8F70A /* DocArmorBridge.swift in Sources */,
				40A2FC991EF7F5D7369F0552 /* DocArmorFolderView.swift in Sources */,
				180C0378CDEADF6688701252 /* FastCDC.swift in Sources */,
				781EDBA16BA48455306F69D9 /* FileBrowserView.swift in Sources */,
				08202F7049DAE17F872DED02 /* FileBrowserViewModel.swift in Sources */,
				E481B503E212216C97EF983C /* FileGridView.swift in Sources */,
				93F96A9CFF784471A6030B61 /* FileIconView.swift in Sources */,
				0768763F3FE4FA32EB871EF8 /* FileRowView.swift in Sources */,
				AA364500DCC296D5D3C4CCB8 /* FileVersionsView.swift in Sources */,
				E66703D0A812B99E037A6F5C /* LockScreenView.swift in Sources */,
				DC7744F9666277289AFB7642 /* MainTabView.swift in Sources */,
				7FA737D88616FE6464506964 /* PerFolderLock.swift in Sources */,
				1EDF50F93C2B5940762630EA /* PhotoBackupManager.swift in Sources */,
				6CE6B4F454D6004B1C6B36F0 /* PhotosView.swift in Sources */,
				0B14464E34124455D8BF8D87 /* PhotosViewModel.swift in Sources */,
				168FABFD234FAE229D465E39 /* RecycleBinView.swift in Sources */,
				5C26E2A9C0580A7ED6A04EAB /* StorageQuotaView.swift in Sources */,
				4EE3E11259C8DEE40B2A1409 /* SyncState.swift in Sources */,
				B09E84ACCB6D75A18920538E /* VaultAPIClient.swift in Sources */,
				41A3153ED942A7D314CE4A8F /* VaultApp.swift in Sources */,
				E2C2540C830357D7056CA53E /* VaultChunk.swift in Sources */,
				0ABDF00DE0E41618712B96BB /* VaultCrypto.swift in Sources */,
				D43E8A76C2FE0AF4FB6EC226 /* VaultFile.swift in Sources */,
				0C0E5E9208BCB9FBFBBD910B /* VaultFileItem.swift in Sources */,
				A32B8BE42C5BC137DF1703EF /* VaultKeyManager.swift in Sources */,
				55EEDFA62DCAD6B8EB523420 /* VaultManifest.swift in Sources */,
				B726502AEAF163541D69BD5E /* VaultSyncEngine.swift in Sources */,
			);
			runOnlyForDeploymentPostprocessing = 0;
		};
/* End PBXSourcesBuildPhase section */

/* Begin PBXTargetDependency section */
		44F41A651399003EF7E31BC4 /* PBXTargetDependency */ = {
			isa = PBXTargetDependency;
			target = 0EAB2EDFE929AFB661C06B7A /* VaultFileProvider */;
			targetProxy = 6B722B191DCCA7917C041390 /* PBXContainerItemProxy */;
		};
		F48A8270C69784F311162D70 /* PBXTargetDependency */ = {
			isa = PBXTargetDependency;
			target = 87C2025DA51B22B4CC6AE675 /* VaultShare */;
			targetProxy = 3F08345D7E6BF04C20BCD4F3 /* PBXContainerItemProxy */;
		};
/* End PBXTargetDependency section */

/* Begin XCBuildConfiguration section */
		0E16347B75B21E18D1858868 /* Debug */ = {
			isa = XCBuildConfiguration;
			buildSettings = {
				CODE_SIGN_ENTITLEMENTS = ShareExtension/VaultShare.entitlements;
				GENERATE_INFOPLIST_FILE = NO;
				INFOPLIST_FILE = ShareExtension/Info.plist;
				LD_RUNPATH_SEARCH_PATHS = (
					"$(inherited)",
					"@executable_path/Frameworks",
					"@executable_path/../../Frameworks",
				);
				PRODUCT_BUNDLE_IDENTIFIER = com.katafract.vault.share;
				PRODUCT_NAME = VaultShare;
				SDKROOT = iphoneos;
				TARGETED_DEVICE_FAMILY = "1,2";
			};
			name = Debug;
		};
		4239C0E4D06C2DE69E5F98C9 /* Release */ = {
			isa = XCBuildConfiguration;
			buildSettings = {
				CODE_SIGN_ENTITLEMENTS = ShareExtension/VaultShare.entitlements;
				GENERATE_INFOPLIST_FILE = NO;
				INFOPLIST_FILE = ShareExtension/Info.plist;
				LD_RUNPATH_SEARCH_PATHS = (
					"$(inherited)",
					"@executable_path/Frameworks",
					"@executable_path/../../Frameworks",
				);
				PRODUCT_BUNDLE_IDENTIFIER = com.katafract.vault.share;
				PRODUCT_NAME = VaultShare;
				SDKROOT = iphoneos;
				TARGETED_DEVICE_FAMILY = "1,2";
			};
			name = Release;
		};
		43841A172255E9F1DD7B8FDF /* Debug */ = {
			isa = XCBuildConfiguration;
			buildSettings = {
				ASSETCATALOG_COMPILER_APPICON_NAME = AppIcon;
				CODE_SIGN_ENTITLEMENTS = Sources/App/Vaultyx.entitlements;
				CODE_SIGN_IDENTITY = "iPhone Developer";
				GENERATE_INFOPLIST_FILE = NO;
				INFOPLIST_FILE = Sources/App/Info.plist;
				LD_RUNPATH_SEARCH_PATHS = (
					"$(inherited)",
					"@executable_path/Frameworks",
				);
				PRODUCT_BUNDLE_IDENTIFIER = com.katafract.vault;
				PRODUCT_NAME = Vaultyx;
				SDKROOT = iphoneos;
				TARGETED_DEVICE_FAMILY = "1,2";
			};
			name = Debug;
		};
		89B14DDC4C01625B2D40F98D /* Release */ = {
			isa = XCBuildConfiguration;
			buildSettings = {
				ALWAYS_SEARCH_USER_PATHS = NO;
				CLANG_ANALYZER_NONNULL = YES;
				CLANG_ANALYZER_NUMBER_OBJECT_CONVERSION = YES_AGGRESSIVE;
				CLANG_CXX_LANGUAGE_STANDARD = "gnu++14";
				CLANG_CXX_LIBRARY = "libc++";
				CLANG_ENABLE_MODULES = YES;
				CLANG_ENABLE_OBJC_ARC = YES;
				CLANG_ENABLE_OBJC_WEAK = YES;
				CLANG_WARN_BLOCK_CAPTURE_AUTORELEASING = YES;
				CLANG_WARN_BOOL_CONVERSION = YES;
				CLANG_WARN_COMMA = YES;
				CLANG_WARN_CONSTANT_CONVERSION = YES;
				CLANG_WARN_DEPRECATED_OBJC_IMPLEMENTATIONS = YES;
				CLANG_WARN_DIRECT_OBJC_ISA_USAGE = YES_ERROR;
				CLANG_WARN_DOCUMENTATION_COMMENTS = YES;
				CLANG_WARN_EMPTY_BODY = YES;
				CLANG_WARN_ENUM_CONVERSION = YES;
				CLANG_WARN_INFINITE_RECURSION = YES;
				CLANG_WARN_INT_CONVERSION = YES;
				CLANG_WARN_NON_LITERAL_NULL_CONVERSION = YES;
				CLANG_WARN_OBJC_IMPLICIT_RETAIN_SELF = YES;
				CLANG_WARN_OBJC_LITERAL_CONVERSION = YES;
				CLANG_WARN_OBJC_ROOT_CLASS = YES_ERROR;
				CLANG_WARN_QUOTED_INCLUDE_IN_FRAMEWORK_HEADER = YES;
				CLANG_WARN_RANGE_LOOP_ANALYSIS = YES;
				CLANG_WARN_STRICT_PROTOTYPES = YES;
				CLANG_WARN_SUSPICIOUS_MOVE = YES;
				CLANG_WARN_UNGUARDED_AVAILABILITY = YES_AGGRESSIVE;
				CLANG_WARN_UNREACHABLE_CODE = YES;
				CLANG_WARN__DUPLICATE_METHOD_MATCH = YES;
				CODE_SIGN_STYLE = Automatic;
				COPY_PHASE_STRIP = NO;
				CURRENT_PROJECT_VERSION = 2;
				DEBUG_INFORMATION_FORMAT = "dwarf-with-dsym";
				DEVELOPMENT_TEAM = 2SGGP65W6C;
				ENABLE_NS_ASSERTIONS = NO;
				ENABLE_STRICT_OBJC_MSGSEND = YES;
				GCC_C_LANGUAGE_STANDARD = gnu11;
				GCC_NO_COMMON_BLOCKS = YES;
				GCC_WARN_64_TO_32_BIT_CONVERSION = YES;
				GCC_WARN_ABOUT_RETURN_TYPE = YES_ERROR;
				GCC_WARN_UNDECLARED_SELECTOR = YES;
				GCC_WARN_UNINITIALIZED_AUTOS = YES_AGGRESSIVE;
				GCC_WARN_UNUSED_FUNCTION = YES;
				GCC_WARN_UNUSED_VARIABLE = YES;
				IPHONEOS_DEPLOYMENT_TARGET = 17.0;
				MARKETING_VERSION = 1.0;
				MTL_ENABLE_DEBUG_INFO = NO;
				MTL_FAST_MATH = YES;
				PRODUCT_NAME = "$(TARGET_NAME)";
				SDKROOT = iphoneos;
				SWIFT_COMPILATION_MODE = wholemodule;
				SWIFT_OPTIMIZATION_LEVEL = "-O";
				SWIFT_VERSION = 5.10;
			};
			name = Release;
		};
		9D2F076051B963BDAD289D37 /* Debug */ = {
			isa = XCBuildConfiguration;
			buildSettings = {
				CODE_SIGN_ENTITLEMENTS = FileProvider/VaultFileProvider.entitlements;
				GENERATE_INFOPLIST_FILE = NO;
				INFOPLIST_FILE = FileProvider/Info.plist;
				LD_RUNPATH_SEARCH_PATHS = (
					"$(inherited)",
					"@executable_path/Frameworks",
					"@executable_path/../../Frameworks",
				);
				PRODUCT_BUNDLE_IDENTIFIER = com.katafract.vault.fileprovider;
				PRODUCT_NAME = VaultFileProvider;
				SDKROOT = iphoneos;
				TARGETED_DEVICE_FAMILY = "1,2";
			};
			name = Debug;
		};
		B63DA167D6023BBA9C6CCA22 /* Release */ = {
			isa = XCBuildConfiguration;
			buildSettings = {
				ASSETCATALOG_COMPILER_APPICON_NAME = AppIcon;
				CODE_SIGN_ENTITLEMENTS = Sources/App/Vaultyx.entitlements;
				CODE_SIGN_IDENTITY = "iPhone Developer";
				GENERATE_INFOPLIST_FILE = NO;
				INFOPLIST_FILE = Sources/App/Info.plist;
				LD_RUNPATH_SEARCH_PATHS = (
					"$(inherited)",
					"@executable_path/Frameworks",
				);
				PRODUCT_BUNDLE_IDENTIFIER = com.katafract.vault;
				PRODUCT_NAME = Vaultyx;
				SDKROOT = iphoneos;
				TARGETED_DEVICE_FAMILY = "1,2";
			};
			name = Release;
		};
		CD81CFF5D413BD7FE103C5E1 /* Release */ = {
			isa = XCBuildConfiguration;
			buildSettings = {
				CODE_SIGN_ENTITLEMENTS = FileProvider/VaultFileProvider.entitlements;
				GENERATE_INFOPLIST_FILE = NO;
				INFOPLIST_FILE = FileProvider/Info.plist;
				LD_RUNPATH_SEARCH_PATHS = (
					"$(inherited)",
					"@executable_path/Frameworks",
					"@executable_path/../../Frameworks",
				);
				PRODUCT_BUNDLE_IDENTIFIER = com.katafract.vault.fileprovider;
				PRODUCT_NAME = VaultFileProvider;
				SDKROOT = iphoneos;
				TARGETED_DEVICE_FAMILY = "1,2";
			};
			name = Release;
		};
		EC311AD7A117C365D6AC5367 /* Debug */ = {
			isa = XCBuildConfiguration;
			buildSettings = {
				ALWAYS_SEARCH_USER_PATHS = NO;
				CLANG_ANALYZER_NONNULL = YES;
				CLANG_ANALYZER_NUMBER_OBJECT_CONVERSION = YES_AGGRESSIVE;
				CLANG_CXX_LANGUAGE_STANDARD = "gnu++14";
				CLANG_CXX_LIBRARY = "libc++";
				CLANG_ENABLE_MODULES = YES;
				CLANG_ENABLE_OBJC_ARC = YES;
				CLANG_ENABLE_OBJC_WEAK = YES;
				CLANG_WARN_BLOCK_CAPTURE_AUTORELEASING = YES;
				CLANG_WARN_BOOL_CONVERSION = YES;
				CLANG_WARN_COMMA = YES;
				CLANG_WARN_CONSTANT_CONVERSION = YES;
				CLANG_WARN_DEPRECATED_OBJC_IMPLEMENTATIONS = YES;
				CLANG_WARN_DIRECT_OBJC_ISA_USAGE = YES_ERROR;
				CLANG_WARN_DOCUMENTATION_COMMENTS = YES;
				CLANG_WARN_EMPTY_BODY = YES;
				CLANG_WARN_ENUM_CONVERSION = YES;
				CLANG_WARN_INFINITE_RECURSION = YES;
				CLANG_WARN_INT_CONVERSION = YES;
				CLANG_WARN_NON_LITERAL_NULL_CONVERSION = YES;
				CLANG_WARN_OBJC_IMPLICIT_RETAIN_SELF = YES;
				CLANG_WARN_OBJC_LITERAL_CONVERSION = YES;
				CLANG_WARN_OBJC_ROOT_CLASS = YES_ERROR;
				CLANG_WARN_QUOTED_INCLUDE_IN_FRAMEWORK_HEADER = YES;
				CLANG_WARN_RANGE_LOOP_ANALYSIS = YES;
				CLANG_WARN_STRICT_PROTOTYPES = YES;
				CLANG_WARN_SUSPICIOUS_MOVE = YES;
				CLANG_WARN_UNGUARDED_AVAILABILITY = YES_AGGRESSIVE;
				CLANG_WARN_UNREACHABLE_CODE = YES;
				CLANG_WARN__DUPLICATE_METHOD_MATCH = YES;
				CODE_SIGN_STYLE = Automatic;
				COPY_PHASE_STRIP = NO;
				CURRENT_PROJECT_VERSION = 2;
				DEBUG_INFORMATION_FORMAT = dwarf;
				DEVELOPMENT_TEAM = 2SGGP65W6C;
				ENABLE_STRICT_OBJC_MSGSEND = YES;
				ENABLE_TESTABILITY = YES;
				GCC_C_LANGUAGE_STANDARD = gnu11;
				GCC_DYNAMIC_NO_PIC = NO;
				GCC_NO_COMMON_BLOCKS = YES;
				GCC_OPTIMIZATION_LEVEL = 0;
				GCC_PREPROCESSOR_DEFINITIONS = (
					"$(inherited)",
					"DEBUG=1",
				);
				GCC_WARN_64_TO_32_BIT_CONVERSION = YES;
				GCC_WARN_ABOUT_RETURN_TYPE = YES_ERROR;
				GCC_WARN_UNDECLARED_SELECTOR = YES;
				GCC_WARN_UNINITIALIZED_AUTOS = YES_AGGRESSIVE;
				GCC_WARN_UNUSED_FUNCTION = YES;
				GCC_WARN_UNUSED_VARIABLE = YES;
				IPHONEOS_DEPLOYMENT_TARGET = 17.0;
				MARKETING_VERSION = 1.0;
				MTL_ENABLE_DEBUG_INFO = INCLUDE_SOURCE;
				MTL_FAST_MATH = YES;
				ONLY_ACTIVE_ARCH = YES;
				PRODUCT_NAME = "$(TARGET_NAME)";
				SDKROOT = iphoneos;
				SWIFT_ACTIVE_COMPILATION_CONDITIONS = DEBUG;
				SWIFT_OPTIMIZATION_LEVEL = "-Onone";
				SWIFT_VERSION = 5.10;
			};
			name = Debug;
		};
/* End XCBuildConfiguration section */

/* Begin XCConfigurationList section */
		1D4309A56B3A73C0936B4E13 /* Build configuration list for PBXNativeTarget "Vaultyx" */ = {
			isa = XCConfigurationList;
			buildConfigurations = (
				43841A172255E9F1DD7B8FDF /* Debug */,
				B63DA167D6023BBA9C6CCA22 /* Release */,
			);
			defaultConfigurationIsVisible = 0;
			defaultConfigurationName = Debug;
		};
		7B085974777A404875EE55AC /* Build configuration list for PBXProject "Vaultyx" */ = {
			isa = XCConfigurationList;
			buildConfigurations = (
				EC311AD7A117C365D6AC5367 /* Debug */,
				89B14DDC4C01625B2D40F98D /* Release */,
			);
			defaultConfigurationIsVisible = 0;
			defaultConfigurationName = Debug;
		};
		B485A1C84B0D72B12EBD7D27 /* Build configuration list for PBXNativeTarget "VaultShare" */ = {
			isa = XCConfigurationList;
			buildConfigurations = (
				0E16347B75B21E18D1858868 /* Debug */,
				4239C0E4D06C2DE69E5F98C9 /* Release */,
			);
			defaultConfigurationIsVisible = 0;
			defaultConfigurationName = Debug;
		};
		C1EA617254D2B162E87DDB15 /* Build configuration list for PBXNativeTarget "VaultFileProvider" */ = {
			isa = XCConfigurationList;
			buildConfigurations = (
				9D2F076051B963BDAD289D37 /* Debug */,
				CD81CFF5D413BD7FE103C5E1 /* Release */,
			);
			defaultConfigurationIsVisible = 0;
			defaultConfigurationName = Debug;
		};
/* End XCConfigurationList section */
	};
	rootObject = 6726577CA9BEF50368DB229B /* Project object */;
}
