// !$*UTF8*$!
{
	archiveVersion = 1;
	classes = {
	};
	objectVersion = 77;
	objects = {

/* Begin PBXBuildFile section */
		0305A5B60CA6C09957087A9C /* VaultyxLiveActivity.appex in Embed Foundation Extensions */ = {isa = PBXBuildFile; fileRef = D088B5DC02E6D99790A3EC67 /* VaultyxLiveActivity.appex */; settings = {ATTRIBUTES = (RemoveHeadersOnCopy, ); }; };
		0768763F3FE4FA32EB871EF8 /* FileRowView.swift in Sources */ = {isa = PBXBuildFile; fileRef = 146D2F29BD1A1DD1665C5BE7 /* FileRowView.swift */; };
		08202F7049DAE17F872DED02 /* FileBrowserViewModel.swift in Sources */ = {isa = PBXBuildFile; fileRef = D995CE496B48FA55FD9DEF6A /* FileBrowserViewModel.swift */; };
		0ABDF00DE0E41618712B96BB /* VaultCrypto.swift in Sources */ = {isa = PBXBuildFile; fileRef = 1DF96E9D3C1E121B1E96E5F4 /* VaultCrypto.swift */; };
		0B14464E34124455D8BF8D87 /* PhotosViewModel.swift in Sources */ = {isa = PBXBuildFile; fileRef = 6E8E9F8455365798092C4DFB /* PhotosViewModel.swift */; };
		0C0E5E9208BCB9FBFBBD910B /* VaultFileItem.swift in Sources */ = {isa = PBXBuildFile; fileRef = 42209600639B9C22079E9670 /* VaultFileItem.swift */; };
		0ED0E21705C12269486A78EC /* RestoreFromPhraseView.swift in Sources */ = {isa = PBXBuildFile; fileRef = 3055AC015F92D31B18995F7D /* RestoreFromPhraseView.swift */; };
		120B7D1FFD2218AF6D7987ED /* CategoryFilterBar.swift in Sources */ = {isa = PBXBuildFile; fileRef = A384B3D2F8EC8DBD41F67626 /* CategoryFilterBar.swift */; };
		168FABFD234FAE229D465E39 /* RecycleBinView.swift in Sources */ = {isa = PBXBuildFile; fileRef = 88A2A54A57CEADCA403804E1 /* RecycleBinView.swift */; };
		180C0378CDEADF6688701252 /* FastCDC.swift in Sources */ = {isa = PBXBuildFile; fileRef = E2BCBEFBBE8AC2609E25215F /* FastCDC.swift */; };
		19130481F0ED671B155F817F /* VaultShare.appex in Embed Foundation Extensions */ = {isa = PBXBuildFile; fileRef = 3D0EFA9CC6E443C612546AFC /* VaultShare.appex */; settings = {ATTRIBUTES = (RemoveHeadersOnCopy, ); }; };
		1DF994B4ACF9ADAAD07B9D8D /* PaywallView.swift in Sources */ = {isa = PBXBuildFile; fileRef = 4D7E32478B8C080D9B0A28A2 /* PaywallView.swift */; };
		1EDF50F93C2B5940762630EA /* PhotoBackupManager.swift in Sources */ = {isa = PBXBuildFile; fileRef = 5F0EE9F01A1EB887A290504F /* PhotoBackupManager.swift */; };
		223BAC90A5E031B2BD6F3964 /* NetworkReachability.swift in Sources */ = {isa = PBXBuildFile; fileRef = 9DE994CE23EFACBAE6973AFD /* NetworkReachability.swift */; };
		22677524649F4F01E48869FF /* VaultFileProviderExtension.swift in Sources */ = {isa = PBXBuildFile; fileRef = 2FA57DD1324F970B95130AE8 /* VaultFileProviderExtension.swift */; };
		2472066A79D3D0D2308204DD /* VaultyxUploadAttributes.swift in Sources */ = {isa = PBXBuildFile; fileRef = CEAD44FBB38C36294058F6E4 /* VaultyxUploadAttributes.swift */; };
		2670E40A7A865D8B915F0B09 /* VaultyxUploadAttributes.swift in Sources */ = {isa = PBXBuildFile; fileRef = A503DDD9B693CC7EE70448F5 /* VaultyxUploadAttributes.swift */; };
		3247EF3D1C2330AAB2220145 /* UndoToast.swift in Sources */ = {isa = PBXBuildFile; fileRef = 94C764086C160239DF5BEBF5 /* UndoToast.swift */; };
		39CF40E317CD9EB5E7151A95 /* FileBrowserListRow.swift in Sources */ = {isa = PBXBuildFile; fileRef = 3C42BCDD24AE3DCEA9C6E315 /* FileBrowserListRow.swift */; };
		40A2FC991EF7F5D7369F0552 /* DocArmorFolderView.swift in Sources */ = {isa = PBXBuildFile; fileRef = D5906A8BF8BC26BD6FFA7E98 /* DocArmorFolderView.swift */; };
		41A3153ED942A7D314CE4A8F /* VaultApp.swift in Sources */ = {isa = PBXBuildFile; fileRef = E99F9D00876693B1D808BA2C /* VaultApp.swift */; };
		4878D7A64BCDEDE6CE81C418 /* FileCategory.swift in Sources */ = {isa = PBXBuildFile; fileRef = 199098218699C686778C33E3 /* FileCategory.swift */; };
		4AF8427238D557CB0235A132 /* FileUploadProgressBanner.swift in Sources */ = {isa = PBXBuildFile; fileRef = 896ACA5F82A229E1E822031F /* FileUploadProgressBanner.swift */; };
		4EE3E11259C8DEE40B2A1409 /* SyncState.swift in Sources */ = {isa = PBXBuildFile; fileRef = 9E7115C9F830F462012DA4EC /* SyncState.swift */; };
		5335A8A41F531B95DD25B633 /* BIP39WordList.swift in Sources */ = {isa = PBXBuildFile; fileRef = EA3AE803C9F313353B48A89C /* BIP39WordList.swift */; };
		55EEDFA62DCAD6B8EB523420 /* VaultManifest.swift in Sources */ = {isa = PBXBuildFile; fileRef = 86771A820BF7FC05675B4272 /* VaultManifest.swift */; };
		5C07A228E435EC5660307850 /* RecoveryPhraseView.swift in Sources */ = {isa = PBXBuildFile; fileRef = 9666910505BD37658AE382BF /* RecoveryPhraseView.swift */; };
		5C26E2A9C0580A7ED6A04EAB /* StorageQuotaView.swift in Sources */ = {isa = PBXBuildFile; fileRef = 3E845B566D3BF6AC839915C0 /* StorageQuotaView.swift */; };
		5C2AB085574802735BEB0B8B /* BiometricLock.swift in Sources */ = {isa = PBXBuildFile; fileRef = C754348E7C222A87AEFB8E9B /* BiometricLock.swift */; };
		5E83A8DEC70F14CA2669EB92 /* VaultFileProvider.appex in Embed Foundation Extensions */ = {isa = PBXBuildFile; fileRef = A4CCFA1ADAABA739E8476F41 /* VaultFileProvider.appex */; settings = {ATTRIBUTES = (RemoveHeadersOnCopy, ); }; };
		6112717A5D57013A9CC2C84E /* TokenRedemptionView.swift in Sources */ = {isa = PBXBuildFile; fileRef = DDEE00DCCBEBF9B2575EEBFE /* TokenRedemptionView.swift */; };
		67C980072E49DDDCF40D3845 /* VaultyxUploadLiveActivity.swift in Sources */ = {isa = PBXBuildFile; fileRef = 9F1566764DC491B12A635FF1 /* VaultyxUploadLiveActivity.swift */; };
		686E81F9A034C5FD34908239 /* MasterKeyBootstrap.swift in Sources */ = {isa = PBXBuildFile; fileRef = 56EFC2D4148C3F943FD1145C /* MasterKeyBootstrap.swift */; };
		6CE6B4F454D6004B1C6B36F0 /* PhotosView.swift in Sources */ = {isa = PBXBuildFile; fileRef = 0A8556A97A4E3B84F26823AA /* PhotosView.swift */; };
		6CFC3F3E28AEE9B5D26D6884 /* SnapshotHelper.swift in Sources */ = {isa = PBXBuildFile; fileRef = 6CFF3976A29D6C52E0BB18B0 /* SnapshotHelper.swift */; };
		721108FC19B9F0974EF7568B /* FolderPickerSheet.swift in Sources */ = {isa = PBXBuildFile; fileRef = DF3B86B15A9A6ECF514C534E /* FolderPickerSheet.swift */; };
		781EDBA16BA48455306F69D9 /* FileBrowserView.swift in Sources */ = {isa = PBXBuildFile; fileRef = BA7EC3FB8141B0F4D7CC1960 /* FileBrowserView.swift */; };
		78B4FFFEEE270F78A4148163 /* SyncObjCBridge.m in Sources */ = {isa = PBXBuildFile; fileRef = C2D66E95F20F2967887C22F1 /* SyncObjCBridge.m */; };
		794722FF3786E664549B4A65 /* ShareViewController.swift in Sources */ = {isa = PBXBuildFile; fileRef = 2EA84B36B69F5E4E05B2F6AD /* ShareViewController.swift */; };
		7980FC2D27B6826C7B2E5E96 /* Keychain.swift in Sources */ = {isa = PBXBuildFile; fileRef = 2C228B6C51D78AFA3F2DED89 /* Keychain.swift */; };
		7A3BBDA938D07032F6CA5DA0 /* StuckItemsView.swift in Sources */ = {isa = PBXBuildFile; fileRef = E9D662A60B45581C824B4731 /* StuckItemsView.swift */; };
		7CEB072609382D8E3D11256B /* VaultServices.swift in Sources */ = {isa = PBXBuildFile; fileRef = AF366EE5FA273857E1DB4409 /* VaultServices.swift */; };
		7FA737D88616FE6464506964 /* PerFolderLock.swift in Sources */ = {isa = PBXBuildFile; fileRef = C5AB12DC5F0732E9AD18ACEF /* PerFolderLock.swift */; };
		856E4D1FB39D017DEEF19123 /* BackgroundUploadCoordinator.swift in Sources */ = {isa = PBXBuildFile; fileRef = 362426F4CD4D32467C01E4DA /* BackgroundUploadCoordinator.swift */; };
		85F2286A32BE2A91E14D9651 /* FilePreviewSheet.swift in Sources */ = {isa = PBXBuildFile; fileRef = 0C3576C399AF300EC808B34A /* FilePreviewSheet.swift */; };
		871CB667B019E09C79141701 /* SubscriptionStore.swift in Sources */ = {isa = PBXBuildFile; fileRef = 5202E341C8D1959F0077CB3E /* SubscriptionStore.swift */; };
		8751ACD78548AE1FD6453A3D /* VaultTreeSync.swift in Sources */ = {isa = PBXBuildFile; fileRef = 9A95B7F2B96B712A555DDC10 /* VaultTreeSync.swift */; };
		898A5F2A42F458D9140D0EC5 /* BackedUpAsset.swift in Sources */ = {isa = PBXBuildFile; fileRef = 65236AC6D8C50795EF537D27 /* BackedUpAsset.swift */; };
		8B6DC046CDF9D96782C89D48 /* VaultyxScreenshotTests.swift in Sources */ = {isa = PBXBuildFile; fileRef = 4D6EB55A307D831805926CED /* VaultyxScreenshotTests.swift */; };
		8C3396243A01EF74A7144B45 /* FileDownloadProgressBanner.swift in Sources */ = {isa = PBXBuildFile; fileRef = DF0D147A45D3B32DB20CE38C /* FileDownloadProgressBanner.swift */; };
		8F5E7A82B937DF96ECE245BA /* VaultyxLiveActivity.swift in Sources */ = {isa = PBXBuildFile; fileRef = 7D3A4CDF3CC4CDE16F7B08CA /* VaultyxLiveActivity.swift */; };
		92B2CCF639BD26855C309B5D /* VaultActivityManager.swift in Sources */ = {isa = PBXBuildFile; fileRef = 0E11BD8069366B6D702F962F /* VaultActivityManager.swift */; };
		93F96A9CFF784471A6030B61 /* FileIconView.swift in Sources */ = {isa = PBXBuildFile; fileRef = 7599892F6A4C813BA72A0119 /* FileIconView.swift */; };
		9A1FE3E5332445DCEA98DEBC /* LaunchSplashView.swift in Sources */ = {isa = PBXBuildFile; fileRef = A94D157D704CE402CDA6F995 /* LaunchSplashView.swift */; };
		9A51A23C185C664790A6DB49 /* KatafractStyle in Frameworks */ = {isa = PBXBuildFile; productRef = C731E6EA2BCFCB88CFEA28B3 /* KatafractStyle */; };
		A0E1F2B3CC7B4E8A91C3D5F6 /* AppGroupDiagnosticsView.swift in Sources */ = {isa = PBXBuildFile; fileRef = B1C2D3E4F5E6A7B8C9D0E1F2 /* AppGroupDiagnosticsView.swift */; };
		A32B8BE42C5BC137DF1703EF /* VaultKeyManager.swift in Sources */ = {isa = PBXBuildFile; fileRef = 57206996A054400EEF17E246 /* VaultKeyManager.swift */; };
		AA364500DCC296D5D3C4CCB8 /* FileVersionsView.swift in Sources */ = {isa = PBXBuildFile; fileRef = BC99130FB3DFEE8DB5125AA1 /* FileVersionsView.swift */; };
		AC9BC416E472F06FB1FD5475 /* EnclaveAppGroupWriter.swift in Sources */ = {isa = PBXBuildFile; fileRef = 2D3A0314157A829A931228C0 /* EnclaveAppGroupWriter.swift */; };
		B09E84ACCB6D75A18920538E /* VaultAPIClient.swift in Sources */ = {isa = PBXBuildFile; fileRef = 39481199B6CB3F3482004760 /* VaultAPIClient.swift */; };
		B44A5B4D6B617F83DEB21DF1 /* VaultFileProviderItem.swift in Sources */ = {isa = PBXBuildFile; fileRef = E6689E73FC23CF8E1C76216D /* VaultFileProviderItem.swift */; };
		B5FECDA48412C9D8825AA3B6 /* PhotoThumbnailView.swift in Sources */ = {isa = PBXBuildFile; fileRef = C0DEB895BEA790DBE779D5B7 /* PhotoThumbnailView.swift */; };
		B726502AEAF163541D69BD5E /* VaultSyncEngine.swift in Sources */ = {isa = PBXBuildFile; fileRef = 02D65CE83DFEE043122E73ED /* VaultSyncEngine.swift */; };
		BE4225CBFB6D9882888695FD /* ScreenshotMode.swift in Sources */ = {isa = PBXBuildFile; fileRef = 901D3E9B2BE205AB9B29CF4E /* ScreenshotMode.swift */; };
		C0D1E2F3A4B5C6D7E8F9A0B1 /* DebugLog+UI.swift in Sources */ = {isa = PBXBuildFile; fileRef = D1E2F3A4B5C6D7E8F9A0B1C2 /* DebugLog+UI.swift */; };
		C1220AB949F9D89560372244 /* ContentView.swift in Sources */ = {isa = PBXBuildFile; fileRef = 1A1FB77CC808FDDFF55990C1 /* ContentView.swift */; };
		C4C8FD1EE72A7FBE8C5F82DE /* Assets.xcassets in Resources */ = {isa = PBXBuildFile; fileRef = 87E84DB85BD2068C369A0E40 /* Assets.xcassets */; };
		D3CED8B7A7D1A54F51BB39A9 /* VaultEnumerator.swift in Sources */ = {isa = PBXBuildFile; fileRef = F830083E2B12A292C784C99C /* VaultEnumerator.swift */; };
		D43E8A76C2FE0AF4FB6EC226 /* VaultFile.swift in Sources */ = {isa = PBXBuildFile; fileRef = CEE91C06CE40E3712B8898B6 /* VaultFile.swift */; };
		D95EE6F8A200E3B41060CE70 /* VaultFolder.swift in Sources */ = {isa = PBXBuildFile; fileRef = A4B0EE392223CAD920DFA13B /* VaultFolder.swift */; };
		DC7744F9666277289AFB7642 /* MainTabView.swift in Sources */ = {isa = PBXBuildFile; fileRef = BAE93C79B5A93F77289A14A2 /* MainTabView.swift */; };
		E2C2540C830357D7056CA53E /* VaultChunk.swift in Sources */ = {isa = PBXBuildFile; fileRef = 97F57508EAEC5BECE0497A0D /* VaultChunk.swift */; };
		E481B503E212216C97EF983C /* FileGridView.swift in Sources */ = {isa = PBXBuildFile; fileRef = 9F55995F7286672B4B213056 /* FileGridView.swift */; };
		E66703D0A812B99E037A6F5C /* LockScreenView.swift in Sources */ = {isa = PBXBuildFile; fileRef = B0C82E3F9197932F80C91151 /* LockScreenView.swift */; };
		E819F4F755796FE2B7FAE42A /* PrivacyInfo.xcprivacy in Resources */ = {isa = PBXBuildFile; fileRef = 32A38DDDC3DFC33B9DE97DF8 /* PrivacyInfo.xcprivacy */; };
		F29337BD12474B13C36EF0F1 /* CapacityPickerView.swift in Sources */ = {isa = PBXBuildFile; fileRef = 8E4CBF6623D63357E5B61B0A /* CapacityPickerView.swift */; };
		F458FECDE0791AE6B7923125 /* RecoveryPhrase.swift in Sources */ = {isa = PBXBuildFile; fileRef = 324A7E5B5C48C223A9481A96 /* RecoveryPhrase.swift */; };
		F8704CEBE0B1DE2580CAA919 /* FounderRedeemSheet.swift in Sources */ = {isa = PBXBuildFile; fileRef = 842697680013FF51CC00E52D /* FounderRedeemSheet.swift */; };
		FDD97B0168192EC903D8F70A /* DocArmorBridge.swift in Sources */ = {isa = PBXBuildFile; fileRef = C8A1424DE4DC3454E083764A /* DocArmorBridge.swift */; };
/* End PBXBuildFile section */

/* Begin PBXContainerItemProxy section */
		3F08345D7E6BF04C20BCD4F3 /* PBXContainerItemProxy */ = {
			isa = PBXContainerItemProxy;
			containerPortal = 6726577CA9BEF50368DB229B /* Project object */;
			proxyType = 1;
			remoteGlobalIDString = 87C2025DA51B22B4CC6AE675;
			remoteInfo = VaultShare;
		};
		46161F16CC65526919B4B269 /* PBXContainerItemProxy */ = {
			isa = PBXContainerItemProxy;
			containerPortal = 6726577CA9BEF50368DB229B /* Project object */;
			proxyType = 1;
			remoteGlobalIDString = 4C1FEDC6D48618F38825A460;
			remoteInfo = Vaultyx;
		};
		6B722B191DCCA7917C041390 /* PBXContainerItemProxy */ = {
			isa = PBXContainerItemProxy;
			containerPortal = 6726577CA9BEF50368DB229B /* Project object */;
			proxyType = 1;
			remoteGlobalIDString = 0EAB2EDFE929AFB661C06B7A;
			remoteInfo = VaultFileProvider;
		};
		77E190F36C2DC8404A37AAEB /* PBXContainerItemProxy */ = {
			isa = PBXContainerItemProxy;
			containerPortal = 6726577CA9BEF50368DB229B /* Project object */;
			proxyType = 1;
			remoteGlobalIDString = AEC930061EE8CD5509DBD17A;
			remoteInfo = VaultyxLiveActivity;
		};
/* End PBXContainerItemProxy section */

/* Begin PBXCopyFilesBuildPhase section */
		BB39D374C511455F29681B13 /* Embed Foundation Extensions */ = {
			isa = PBXCopyFilesBuildPhase;
			buildActionMask = 2147483647;
			dstPath = "";
			dstSubfolderSpec = 13;
			files = (
				5E83A8DEC70F14CA2669EB92 /* VaultFileProvider.appex in Embed Foundation Extensions */,
				19130481F0ED671B155F817F /* VaultShare.appex in Embed Foundation Extensions */,
				0305A5B60CA6C09957087A9C /* VaultyxLiveActivity.appex in Embed Foundation Extensions */,
			);
			name = "Embed Foundation Extensions";
			runOnlyForDeploymentPostprocessing = 0;
		};
/* End PBXCopyFilesBuildPhase section */

/* Begin PBXFileReference section */
		02D65CE83DFEE043122E73ED /* VaultSyncEngine.swift */ = {isa = PBXFileReference; lastKnownFileType = sourcecode.swift; path = VaultSyncEngine.swift; sourceTree = "<group>"; };
		0A8556A97A4E3B84F26823AA /* PhotosView.swift */ = {isa = PBXFileReference; lastKnownFileType = sourcecode.swift; path = PhotosView.swift; sourceTree = "<group>"; };
		0C3576C399AF300EC808B34A /* FilePreviewSheet.swift */ = {isa = PBXFileReference; lastKnownFileType = sourcecode.swift; path = FilePreviewSheet.swift; sourceTree = "<group>"; };
		0E11BD8069366B6D702F962F /* VaultActivityManager.swift */ = {isa = PBXFileReference; lastKnownFileType = sourcecode.swift; path = VaultActivityManager.swift; sourceTree = "<group>"; };
		146D2F29BD1A1DD1665C5BE7 /* FileRowView.swift */ = {isa = PBXFileReference; lastKnownFileType = sourcecode.swift; path = FileRowView.swift; sourceTree = "<group>"; };
		199098218699C686778C33E3 /* FileCategory.swift */ = {isa = PBXFileReference; lastKnownFileType = sourcecode.swift; path = FileCategory.swift; sourceTree = "<group>"; };
		1A1FB77CC808FDDFF55990C1 /* ContentView.swift */ = {isa = PBXFileReference; lastKnownFileType = sourcecode.swift; path = ContentView.swift; sourceTree = "<group>"; };
		1DF96E9D3C1E121B1E96E5F4 /* VaultCrypto.swift */ = {isa = PBXFileReference; lastKnownFileType = sourcecode.swift; path = VaultCrypto.swift; sourceTree = "<group>"; };
		1F675E6731972CDBFF376FCF /* Info.plist */ = {isa = PBXFileReference; lastKnownFileType = text.plist; path = Info.plist; sourceTree = "<group>"; };
		2C228B6C51D78AFA3F2DED89 /* Keychain.swift */ = {isa = PBXFileReference; lastKnownFileType = sourcecode.swift; path = Keychain.swift; sourceTree = "<group>"; };
		2D3A0314157A829A931228C0 /* EnclaveAppGroupWriter.swift */ = {isa = PBXFileReference; lastKnownFileType = sourcecode.swift; path = EnclaveAppGroupWriter.swift; sourceTree = "<group>"; };
		2EA84B36B69F5E4E05B2F6AD /* ShareViewController.swift */ = {isa = PBXFileReference; lastKnownFileType = sourcecode.swift; path = ShareViewController.swift; sourceTree = "<group>"; };
		2F3EC444FCA480154B1E7818 /* Vaultyx.app */ = {isa = PBXFileReference; includeInIndex = 0; lastKnownFileType = wrapper.application; path = Vaultyx.app; sourceTree = BUILT_PRODUCTS_DIR; };
		2FA57DD1324F970B95130AE8 /* VaultFileProviderExtension.swift */ = {isa = PBXFileReference; lastKnownFileType = sourcecode.swift; path = VaultFileProviderExtension.swift; sourceTree = "<group>"; };
		3055AC015F92D31B18995F7D /* RestoreFromPhraseView.swift */ = {isa = PBXFileReference; lastKnownFileType = sourcecode.swift; path = RestoreFromPhraseView.swift; sourceTree = "<group>"; };
		324A7E5B5C48C223A9481A96 /* RecoveryPhrase.swift */ = {isa = PBXFileReference; lastKnownFileType = sourcecode.swift; path = RecoveryPhrase.swift; sourceTree = "<group>"; };
		32A38DDDC3DFC33B9DE97DF8 /* PrivacyInfo.xcprivacy */ = {isa = PBXFileReference; path = PrivacyInfo.xcprivacy; sourceTree = "<group>"; };
		362426F4CD4D32467C01E4DA /* BackgroundUploadCoordinator.swift */ = {isa = PBXFileReference; includeInIndex = 1; lastKnownFileType = sourcecode.swift; name = BackgroundUploadCoordinator.swift; path = Sources/Sync/BackgroundUploadCoordinator.swift; sourceTree = "<group>"; };
		39481199B6CB3F3482004760 /* VaultAPIClient.swift */ = {isa = PBXFileReference; lastKnownFileType = sourcecode.swift; path = VaultAPIClient.swift; sourceTree = "<group>"; };
		3C42BCDD24AE3DCEA9C6E315 /* FileBrowserListRow.swift */ = {isa = PBXFileReference; lastKnownFileType = sourcecode.swift; path = FileBrowserListRow.swift; sourceTree = "<group>"; };
		3D0EFA9CC6E443C612546AFC /* VaultShare.appex */ = {isa = PBXFileReference; includeInIndex = 0; lastKnownFileType = "wrapper.app-extension"; path = VaultShare.appex; sourceTree = BUILT_PRODUCTS_DIR; };
		3DE5B99C093F924FDD931EC1 /* SyncObjCBridge.h */ = {isa = PBXFileReference; includeInIndex = 1; lastKnownFileType = sourcecode.c.h; name = SyncObjCBridge.h; path = Sources/Sync/SyncObjCBridge.h; sourceTree = "<group>"; };
		3E845B566D3BF6AC839915C0 /* StorageQuotaView.swift */ = {isa = PBXFileReference; lastKnownFileType = sourcecode.swift; path = StorageQuotaView.swift; sourceTree = "<group>"; };
		42209600639B9C22079E9670 /* VaultFileItem.swift */ = {isa = PBXFileReference; lastKnownFileType = sourcecode.swift; path = VaultFileItem.swift; sourceTree = "<group>"; };
		4D6EB55A307D831805926CED /* VaultyxScreenshotTests.swift */ = {isa = PBXFileReference; lastKnownFileType = sourcecode.swift; path = VaultyxScreenshotTests.swift; sourceTree = "<group>"; };
		4D7E32478B8C080D9B0A28A2 /* PaywallView.swift */ = {isa = PBXFileReference; lastKnownFileType = sourcecode.swift; path = PaywallView.swift; sourceTree = "<group>"; };
		5202E341C8D1959F0077CB3E /* SubscriptionStore.swift */ = {isa = PBXFileReference; lastKnownFileType = sourcecode.swift; path = SubscriptionStore.swift; sourceTree = "<group>"; };
		56EFC2D4148C3F943FD1145C /* MasterKeyBootstrap.swift */ = {isa = PBXFileReference; lastKnownFileType = sourcecode.swift; path = MasterKeyBootstrap.swift; sourceTree = "<group>"; };
		57206996A054400EEF17E246 /* VaultKeyManager.swift */ = {isa = PBXFileReference; lastKnownFileType = sourcecode.swift; path = VaultKeyManager.swift; sourceTree = "<group>"; };
		5D2D0C8F6A636C6333585B7F /* Info.plist */ = {isa = PBXFileReference; lastKnownFileType = text.plist; path = Info.plist; sourceTree = "<group>"; };
		5F0EE9F01A1EB887A290504F /* PhotoBackupManager.swift */ = {isa = PBXFileReference; lastKnownFileType = sourcecode.swift; path = PhotoBackupManager.swift; sourceTree = "<group>"; };
		61427B4DA54CA5A8B33A4355 /* Info.plist */ = {isa = PBXFileReference; lastKnownFileType = text.plist; path = Info.plist; sourceTree = "<group>"; };
		65236AC6D8C50795EF537D27 /* BackedUpAsset.swift */ = {isa = PBXFileReference; lastKnownFileType = sourcecode.swift; path = BackedUpAsset.swift; sourceTree = "<group>"; };
		6C34C4F3F7D5347876C8913B /* VaultyxLiveActivity.entitlements */ = {isa = PBXFileReference; lastKnownFileType = text.plist.entitlements; path = VaultyxLiveActivity.entitlements; sourceTree = "<group>"; };
		6CFF3976A29D6C52E0BB18B0 /* SnapshotHelper.swift */ = {isa = PBXFileReference; lastKnownFileType = sourcecode.swift; path = SnapshotHelper.swift; sourceTree = "<group>"; };
		6E8E9F8455365798092C4DFB /* PhotosViewModel.swift */ = {isa = PBXFileReference; lastKnownFileType = sourcecode.swift; path = PhotosViewModel.swift; sourceTree = "<group>"; };
		707B03DB138F4BCB577609CF /* VaultyxUITests.xctest */ = {isa = PBXFileReference; includeInIndex = 0; lastKnownFileType = wrapper.cfbundle; path = VaultyxUITests.xctest; sourceTree = BUILT_PRODUCTS_DIR; };
		7599892F6A4C813BA72A0119 /* FileIconView.swift */ = {isa = PBXFileReference; lastKnownFileType = sourcecode.swift; path = FileIconView.swift; sourceTree = "<group>"; };
		7D3A4CDF3CC4CDE16F7B08CA /* VaultyxLiveActivity.swift */ = {isa = PBXFileReference; lastKnownFileType = sourcecode.swift; path = VaultyxLiveActivity.swift; sourceTree = "<group>"; };
		822D4EFE0CEE5C0D5965D1B5 /* Info.plist */ = {isa = PBXFileReference; lastKnownFileType = text.plist; path = Info.plist; sourceTree = "<group>"; };
		842697680013FF51CC00E52D /* FounderRedeemSheet.swift */ = {isa = PBXFileReference; lastKnownFileType = sourcecode.swift; path = FounderRedeemSheet.swift; sourceTree = "<group>"; };
		86771A820BF7FC05675B4272 /* VaultManifest.swift */ = {isa = PBXFileReference; lastKnownFileType = sourcecode.swift; path = VaultManifest.swift; sourceTree = "<group>"; };
		87E84DB85BD2068C369A0E40 /* Assets.xcassets */ = {isa = PBXFileReference; lastKnownFileType = folder.assetcatalog; path = Assets.xcassets; sourceTree = "<group>"; };
		88A2A54A57CEADCA403804E1 /* RecycleBinView.swift */ = {isa = PBXFileReference; lastKnownFileType = sourcecode.swift; path = RecycleBinView.swift; sourceTree = "<group>"; };
		896ACA5F82A229E1E822031F /* FileUploadProgressBanner.swift */ = {isa = PBXFileReference; lastKnownFileType = sourcecode.swift; path = FileUploadProgressBanner.swift; sourceTree = "<group>"; };
		8E4CBF6623D63357E5B61B0A /* CapacityPickerView.swift */ = {isa = PBXFileReference; includeInIndex = 1; lastKnownFileType = sourcecode.swift; path = CapacityPickerView.swift; sourceTree = "<group>"; };
		901D3E9B2BE205AB9B29CF4E /* ScreenshotMode.swift */ = {isa = PBXFileReference; lastKnownFileType = sourcecode.swift; path = ScreenshotMode.swift; sourceTree = "<group>"; };
		934B71E7AE2335EB96BE6F9E /* Vaultyx.entitlements */ = {isa = PBXFileReference; lastKnownFileType = text.plist.entitlements; path = Vaultyx.entitlements; sourceTree = "<group>"; };
		94C764086C160239DF5BEBF5 /* UndoToast.swift */ = {isa = PBXFileReference; lastKnownFileType = sourcecode.swift; path = UndoToast.swift; sourceTree = "<group>"; };
		9666910505BD37658AE382BF /* RecoveryPhraseView.swift */ = {isa = PBXFileReference; lastKnownFileType = sourcecode.swift; path = RecoveryPhraseView.swift; sourceTree = "<group>"; };
		97F57508EAEC5BECE0497A0D /* VaultChunk.swift */ = {isa = PBXFileReference; lastKnownFileType = sourcecode.swift; path = VaultChunk.swift; sourceTree = "<group>"; };
		9A95B7F2B96B712A555DDC10 /* VaultTreeSync.swift */ = {isa = PBXFileReference; lastKnownFileType = sourcecode.swift; path = VaultTreeSync.swift; sourceTree = "<group>"; };
		9DE994CE23EFACBAE6973AFD /* NetworkReachability.swift */ = {isa = PBXFileReference; includeInIndex = 1; lastKnownFileType = sourcecode.swift; name = NetworkReachability.swift; path = Sources/App/NetworkReachability.swift; sourceTree = "<group>"; };
		9E7115C9F830F462012DA4EC /* SyncState.swift */ = {isa = PBXFileReference; lastKnownFileType = sourcecode.swift; path = SyncState.swift; sourceTree = "<group>"; };
		9F1566764DC491B12A635FF1 /* VaultyxUploadLiveActivity.swift */ = {isa = PBXFileReference; lastKnownFileType = sourcecode.swift; path = VaultyxUploadLiveActivity.swift; sourceTree = "<group>"; };
		9F55995F7286672B4B213056 /* FileGridView.swift */ = {isa = PBXFileReference; lastKnownFileType = sourcecode.swift; path = FileGridView.swift; sourceTree = "<group>"; };
		A384B3D2F8EC8DBD41F67626 /* CategoryFilterBar.swift */ = {isa = PBXFileReference; lastKnownFileType = sourcecode.swift; path = CategoryFilterBar.swift; sourceTree = "<group>"; };
		A4B0EE392223CAD920DFA13B /* VaultFolder.swift */ = {isa = PBXFileReference; lastKnownFileType = sourcecode.swift; path = VaultFolder.swift; sourceTree = "<group>"; };
		A4CCFA1ADAABA739E8476F41 /* VaultFileProvider.appex */ = {isa = PBXFileReference; includeInIndex = 0; lastKnownFileType = "wrapper.app-extension"; path = VaultFileProvider.appex; sourceTree = BUILT_PRODUCTS_DIR; };
		A503DDD9B693CC7EE70448F5 /* VaultyxUploadAttributes.swift */ = {isa = PBXFileReference; lastKnownFileType = sourcecode.swift; path = VaultyxUploadAttributes.swift; sourceTree = "<group>"; };
		A94D157D704CE402CDA6F995 /* LaunchSplashView.swift */ = {isa = PBXFileReference; lastKnownFileType = sourcecode.swift; path = LaunchSplashView.swift; sourceTree = "<group>"; };
		AF366EE5FA273857E1DB4409 /* VaultServices.swift */ = {isa = PBXFileReference; lastKnownFileType = sourcecode.swift; path = VaultServices.swift; sourceTree = "<group>"; };
		B0C82E3F9197932F80C91151 /* LockScreenView.swift */ = {isa = PBXFileReference; lastKnownFileType = sourcecode.swift; path = LockScreenView.swift; sourceTree = "<group>"; };
		B1C2D3E4F5E6A7B8C9D0E1F2 /* AppGroupDiagnosticsView.swift */ = {isa = PBXFileReference; lastKnownFileType = sourcecode.swift; path = AppGroupDiagnosticsView.swift; sourceTree = "<group>"; };
		B734F330E1459EE76E1B8FF0 /* VaultFileProvider.entitlements */ = {isa = PBXFileReference; lastKnownFileType = text.plist.entitlements; path = VaultFileProvider.entitlements; sourceTree = "<group>"; };
		BA7EC3FB8141B0F4D7CC1960 /* FileBrowserView.swift */ = {isa = PBXFileReference; lastKnownFileType = sourcecode.swift; path = FileBrowserView.swift; sourceTree = "<group>"; };
		BAE93C79B5A93F77289A14A2 /* MainTabView.swift */ = {isa = PBXFileReference; lastKnownFileType = sourcecode.swift; path = MainTabView.swift; sourceTree = "<group>"; };
		BC99130FB3DFEE8DB5125AA1 /* FileVersionsView.swift */ = {isa = PBXFileReference; lastKnownFileType = sourcecode.swift; path = FileVersionsView.swift; sourceTree = "<group>"; };
		C0DEB895BEA790DBE779D5B7 /* PhotoThumbnailView.swift */ = {isa = PBXFileReference; lastKnownFileType = sourcecode.swift; path = PhotoThumbnailView.swift; sourceTree = "<group>"; };
		C2D66E95F20F2967887C22F1 /* SyncObjCBridge.m */ = {isa = PBXFileReference; includeInIndex = 1; lastKnownFileType = sourcecode.c.objc; name = SyncObjCBridge.m; path = Sources/Sync/SyncObjCBridge.m; sourceTree = "<group>"; };
		C5AB12DC5F0732E9AD18ACEF /* PerFolderLock.swift */ = {isa = PBXFileReference; lastKnownFileType = sourcecode.swift; path = PerFolderLock.swift; sourceTree = "<group>"; };
		C754348E7C222A87AEFB8E9B /* BiometricLock.swift */ = {isa = PBXFileReference; lastKnownFileType = sourcecode.swift; path = BiometricLock.swift; sourceTree = "<group>"; };
		C8A1424DE4DC3454E083764A /* DocArmorBridge.swift */ = {isa = PBXFileReference; lastKnownFileType = sourcecode.swift; path = DocArmorBridge.swift; sourceTree = "<group>"; };
		CEAD44FBB38C36294058F6E4 /* VaultyxUploadAttributes.swift */ = {isa = PBXFileReference; lastKnownFileType = sourcecode.swift; path = VaultyxUploadAttributes.swift; sourceTree = "<group>"; };
		CEE91C06CE40E3712B8898B6 /* VaultFile.swift */ = {isa = PBXFileReference; lastKnownFileType = sourcecode.swift; path = VaultFile.swift; sourceTree = "<group>"; };
		D085DDBACAECBA55A05F4DC3 /* Vaultyx-Bridging-Header.h */ = {isa = PBXFileReference; includeInIndex = 1; lastKnownFileType = sourcecode.c.h; name = "Vaultyx-Bridging-Header.h"; path = "Sources/Vaultyx-Bridging-Header.h"; sourceTree = "<group>"; };
		D088B5DC02E6D99790A3EC67 /* VaultyxLiveActivity.appex */ = {isa = PBXFileReference; includeInIndex = 0; lastKnownFileType = "wrapper.app-extension"; path = VaultyxLiveActivity.appex; sourceTree = BUILT_PRODUCTS_DIR; };
		D1E2F3A4B5C6D7E8F9A0B1C2 /* DebugLog+UI.swift */ = {isa = PBXFileReference; lastKnownFileType = sourcecode.swift; path = "DebugLog+UI.swift"; sourceTree = "<group>"; };
		D5906A8BF8BC26BD6FFA7E98 /* DocArmorFolderView.swift */ = {isa = PBXFileReference; lastKnownFileType = sourcecode.swift; path = DocArmorFolderView.swift; sourceTree = "<group>"; };
		D995CE496B48FA55FD9DEF6A /* FileBrowserViewModel.swift */ = {isa = PBXFileReference; lastKnownFileType = sourcecode.swift; path = FileBrowserViewModel.swift; sourceTree = "<group>"; };
		DDEE00DCCBEBF9B2575EEBFE /* TokenRedemptionView.swift */ = {isa = PBXFileReference; lastKnownFileType = sourcecode.swift; path = TokenRedemptionView.swift; sourceTree = "<group>"; };
		DF0D147A45D3B32DB20CE38C /* FileDownloadProgressBanner.swift */ = {isa = PBXFileReference; lastKnownFileType = sourcecode.swift; path = FileDownloadProgressBanner.swift; sourceTree = "<group>"; };
		DF3B86B15A9A6ECF514C534E /* FolderPickerSheet.swift */ = {isa = PBXFileReference; lastKnownFileType = sourcecode.swift; path = FolderPickerSheet.swift; sourceTree = "<group>"; };
		E2BCBEFBBE8AC2609E25215F /* FastCDC.swift */ = {isa = PBXFileReference; lastKnownFileType = sourcecode.swift; path = FastCDC.swift; sourceTree = "<group>"; };
		E6224F29A715A5E7D5B92110 /* VaultShare.entitlements */ = {isa = PBXFileReference; lastKnownFileType = text.plist.entitlements; path = VaultShare.entitlements; sourceTree = "<group>"; };
		E6689E73FC23CF8E1C76216D /* VaultFileProviderItem.swift */ = {isa = PBXFileReference; lastKnownFileType = sourcecode.swift; path = VaultFileProviderItem.swift; sourceTree = "<group>"; };
		E99F9D00876693B1D808BA2C /* VaultApp.swift */ = {isa = PBXFileReference; lastKnownFileType = sourcecode.swift; path = VaultApp.swift; sourceTree = "<group>"; };
		E9D662A60B45581C824B4731 /* StuckItemsView.swift */ = {isa = PBXFileReference; includeInIndex = 1; lastKnownFileType = sourcecode.swift; name = StuckItemsView.swift; path = Sources/UI/Settings/StuckItemsView.swift; sourceTree = "<group>"; };
		EA3AE803C9F313353B48A89C /* BIP39WordList.swift */ = {isa = PBXFileReference; lastKnownFileType = sourcecode.swift; path = BIP39WordList.swift; sourceTree = "<group>"; };
		F830083E2B12A292C784C99C /* VaultEnumerator.swift */ = {isa = PBXFileReference; lastKnownFileType = sourcecode.swift; path = VaultEnumerator.swift; sourceTree = "<group>"; };
/* End PBXFileReference section */

/* Begin PBXFrameworksBuildPhase section */
		24D81607E7E78E2DF14EA8CE /* Frameworks */ = {
			isa = PBXFrameworksBuildPhase;
			buildActionMask = 2147483647;
			files = (
				9A51A23C185C664790A6DB49 /* KatafractStyle in Frameworks */,
			);
			runOnlyForDeploymentPostprocessing = 0;
		};
/* End PBXFrameworksBuildPhase section */

/* Begin PBXGroup section */
		03684D0367C92D661A483331 /* FileBrowser */ = {
			isa = PBXGroup;
			children = (
				A384B3D2F8EC8DBD41F67626 /* CategoryFilterBar.swift */,
				3C42BCDD24AE3DCEA9C6E315 /* FileBrowserListRow.swift */,
				BA7EC3FB8141B0F4D7CC1960 /* FileBrowserView.swift */,
				D995CE496B48FA55FD9DEF6A /* FileBrowserViewModel.swift */,
				DF0D147A45D3B32DB20CE38C /* FileDownloadProgressBanner.swift */,
				9F55995F7286672B4B213056 /* FileGridView.swift */,
				0C3576C399AF300EC808B34A /* FilePreviewSheet.swift */,
				146D2F29BD1A1DD1665C5BE7 /* FileRowView.swift */,
				896ACA5F82A229E1E822031F /* FileUploadProgressBanner.swift */,
				DF3B86B15A9A6ECF514C534E /* FolderPickerSheet.swift */,
			);
			path = FileBrowser;
			sourceTree = "<group>";
		};
		296B408CAFB54CF5848969AB /* Storage */ = {
			isa = PBXGroup;
			children = (
				3E845B566D3BF6AC839915C0 /* StorageQuotaView.swift */,
			);
			path = Storage;
			sourceTree = "<group>";
		};
		340F4495C577EDCE2B345EBD /* Photos */ = {
			isa = PBXGroup;
			children = (
				0A8556A97A4E3B84F26823AA /* PhotosView.swift */,
				6E8E9F8455365798092C4DFB /* PhotosViewModel.swift */,
				C0DEB895BEA790DBE779D5B7 /* PhotoThumbnailView.swift */,
			);
			path = Photos;
			sourceTree = "<group>";
		};
		3D3A1FD2183C857158A62230 /* VaultyxLiveActivity */ = {
			isa = PBXGroup;
			children = (
				61427B4DA54CA5A8B33A4355 /* Info.plist */,
				6C34C4F3F7D5347876C8913B /* VaultyxLiveActivity.entitlements */,
				7D3A4CDF3CC4CDE16F7B08CA /* VaultyxLiveActivity.swift */,
				CEAD44FBB38C36294058F6E4 /* VaultyxUploadAttributes.swift */,
				9F1566764DC491B12A635FF1 /* VaultyxUploadLiveActivity.swift */,
			);
			path = VaultyxLiveActivity;
			sourceTree = "<group>";
		};
		40E833C6F49D18324CBE1591 /* Sync */ = {
			isa = PBXGroup;
			children = (
				5F0EE9F01A1EB887A290504F /* PhotoBackupManager.swift */,
				0E11BD8069366B6D702F962F /* VaultActivityManager.swift */,
				02D65CE83DFEE043122E73ED /* VaultSyncEngine.swift */,
				9A95B7F2B96B712A555DDC10 /* VaultTreeSync.swift */,
				A503DDD9B693CC7EE70448F5 /* VaultyxUploadAttributes.swift */,
			);
			path = Sync;
			sourceTree = "<group>";
		};
		4A85AF389B589AA57F72BA75 /* Models */ = {
			isa = PBXGroup;
			children = (
				65236AC6D8C50795EF537D27 /* BackedUpAsset.swift */,
				199098218699C686778C33E3 /* FileCategory.swift */,
				9E7115C9F830F462012DA4EC /* SyncState.swift */,
				97F57508EAEC5BECE0497A0D /* VaultChunk.swift */,
				CEE91C06CE40E3712B8898B6 /* VaultFile.swift */,
				42209600639B9C22079E9670 /* VaultFileItem.swift */,
				A4B0EE392223CAD920DFA13B /* VaultFolder.swift */,
				86771A820BF7FC05675B4272 /* VaultManifest.swift */,
			);
			path = Models;
			sourceTree = "<group>";
		};
		51B6753A67C359F3A421D64C /* Versions */ = {
			isa = PBXGroup;
			children = (
				BC99130FB3DFEE8DB5125AA1 /* FileVersionsView.swift */,
			);
			path = Versions;
			sourceTree = "<group>";
		};
		556D9DBE1693489FD560B7F3 /* App */ = {
			isa = PBXGroup;
			children = (
				1A1FB77CC808FDDFF55990C1 /* ContentView.swift */,
				2D3A0314157A829A931228C0 /* EnclaveAppGroupWriter.swift */,
				5D2D0C8F6A636C6333585B7F /* Info.plist */,
				A94D157D704CE402CDA6F995 /* LaunchSplashView.swift */,
				56EFC2D4148C3F943FD1145C /* MasterKeyBootstrap.swift */,
				32A38DDDC3DFC33B9DE97DF8 /* PrivacyInfo.xcprivacy */,
				901D3E9B2BE205AB9B29CF4E /* ScreenshotMode.swift */,
				5202E341C8D1959F0077CB3E /* SubscriptionStore.swift */,
				E99F9D00876693B1D808BA2C /* VaultApp.swift */,
				D1E2F3A4B5C6D7E8F9A0B1C2 /* DebugLog+UI.swift */,
				AF366EE5FA273857E1DB4409 /* VaultServices.swift */,
				934B71E7AE2335EB96BE6F9E /* Vaultyx.entitlements */,
			);
			path = App;
			sourceTree = "<group>";
		};
		60FB0FCB056E50C67FBE60D7 /* DocArmor */ = {
			isa = PBXGroup;
			children = (
				C8A1424DE4DC3454E083764A /* DocArmorBridge.swift */,
				D5906A8BF8BC26BD6FFA7E98 /* DocArmorFolderView.swift */,
			);
			path = DocArmor;
			sourceTree = "<group>";
		};
		63E33E95FFA05CF5BFACE9B6 /* Navigation */ = {
			isa = PBXGroup;
			children = (
				BAE93C79B5A93F77289A14A2 /* MainTabView.swift */,
			);
			path = Navigation;
			sourceTree = "<group>";
		};
		7001106F97617627D2E2B943 /* ShareExtension */ = {
			isa = PBXGroup;
			children = (
				1F675E6731972CDBFF376FCF /* Info.plist */,
				2EA84B36B69F5E4E05B2F6AD /* ShareViewController.swift */,
				E6224F29A715A5E7D5B92110 /* VaultShare.entitlements */,
			);
			path = ShareExtension;
			sourceTree = "<group>";
		};
		934B914091D980490FA2715E /* Paywall */ = {
			isa = PBXGroup;
			children = (
				842697680013FF51CC00E52D /* FounderRedeemSheet.swift */,
			);
			path = Paywall;
			sourceTree = "<group>";
		};
		953E4AA777F643C1DC0FE09C /* Sources */ = {
			isa = PBXGroup;
			children = (
				87E84DB85BD2068C369A0E40 /* Assets.xcassets */,
				556D9DBE1693489FD560B7F3 /* App */,
				B18EFB34E6FC343BF89F04A8 /* Chunker */,
				E4E196640306EB9611F2C7E2 /* Crypto */,
				60FB0FCB056E50C67FBE60D7 /* DocArmor */,
				4A85AF389B589AA57F72BA75 /* Models */,
				F708F76D4CA945F06CCCAC36 /* Network */,
				B6D7798513A0366FAE648C78 /* Security */,
				40E833C6F49D18324CBE1591 /* Sync */,
				FB379B7524A1335A219FB53C /* UI */,
			);
			path = Sources;
			sourceTree = "<group>";
		};
		A3D77689CF04A159933CE06A = {
			isa = PBXGroup;
			children = (
				FF40ECBC8C5048529843567F /* FileProvider */,
				7001106F97617627D2E2B943 /* ShareExtension */,
				953E4AA777F643C1DC0FE09C /* Sources */,
				E013B80AC71124C74DE2B55D /* UITests */,
				3D3A1FD2183C857158A62230 /* VaultyxLiveActivity */,
				A6E36D091AF0E1C6BC0EFA1B /* Products */,
				362426F4CD4D32467C01E4DA /* BackgroundUploadCoordinator.swift */,
				E9D662A60B45581C824B4731 /* StuckItemsView.swift */,
				9DE994CE23EFACBAE6973AFD /* NetworkReachability.swift */,
				3DE5B99C093F924FDD931EC1 /* SyncObjCBridge.h */,
				C2D66E95F20F2967887C22F1 /* SyncObjCBridge.m */,
				D085DDBACAECBA55A05F4DC3 /* Vaultyx-Bridging-Header.h */,
			);
			sourceTree = "<group>";
		};
		A6E36D091AF0E1C6BC0EFA1B /* Products */ = {
			isa = PBXGroup;
			children = (
				A4CCFA1ADAABA739E8476F41 /* VaultFileProvider.appex */,
				3D0EFA9CC6E443C612546AFC /* VaultShare.appex */,
				2F3EC444FCA480154B1E7818 /* Vaultyx.app */,
				D088B5DC02E6D99790A3EC67 /* VaultyxLiveActivity.appex */,
				707B03DB138F4BCB577609CF /* VaultyxUITests.xctest */,
			);
			name = Products;
			sourceTree = "<group>";
		};
		B18EFB34E6FC343BF89F04A8 /* Chunker */ = {
			isa = PBXGroup;
			children = (
				E2BCBEFBBE8AC2609E25215F /* FastCDC.swift */,
			);
			path = Chunker;
			sourceTree = "<group>";
		};
		B6D7798513A0366FAE648C78 /* Security */ = {
			isa = PBXGroup;
			children = (
				C754348E7C222A87AEFB8E9B /* BiometricLock.swift */,
				EA3AE803C9F313353B48A89C /* BIP39WordList.swift */,
				2C228B6C51D78AFA3F2DED89 /* Keychain.swift */,
				B0C82E3F9197932F80C91151 /* LockScreenView.swift */,
				C5AB12DC5F0732E9AD18ACEF /* PerFolderLock.swift */,
				324A7E5B5C48C223A9481A96 /* RecoveryPhrase.swift */,
			);
			path = Security;
			sourceTree = "<group>";
		};
		CF48AA7F6A2D3D9364577FE1 /* RecycleBin */ = {
			isa = PBXGroup;
			children = (
				88A2A54A57CEADCA403804E1 /* RecycleBinView.swift */,
			);
			path = RecycleBin;
			sourceTree = "<group>";
		};
		DABB602586E7D340A1FE2723 /* Common */ = {
			isa = PBXGroup;
			children = (
				B1C2D3E4F5E6A7B8C9D0E1F2 /* AppGroupDiagnosticsView.swift */,
				7599892F6A4C813BA72A0119 /* FileIconView.swift */,
				4D7E32478B8C080D9B0A28A2 /* PaywallView.swift */,
				9666910505BD37658AE382BF /* RecoveryPhraseView.swift */,
				3055AC015F92D31B18995F7D /* RestoreFromPhraseView.swift */,
				DDEE00DCCBEBF9B2575EEBFE /* TokenRedemptionView.swift */,
				94C764086C160239DF5BEBF5 /* UndoToast.swift */,
				8E4CBF6623D63357E5B61B0A /* CapacityPickerView.swift */,
			);
			path = Common;
			sourceTree = "<group>";
		};
		E013B80AC71124C74DE2B55D /* UITests */ = {
			isa = PBXGroup;
			children = (
				6CFF3976A29D6C52E0BB18B0 /* SnapshotHelper.swift */,
				4D6EB55A307D831805926CED /* VaultyxScreenshotTests.swift */,
			);
			path = UITests;
			sourceTree = "<group>";
		};
		E4E196640306EB9611F2C7E2 /* Crypto */ = {
			isa = PBXGroup;
			children = (
				1DF96E9D3C1E121B1E96E5F4 /* VaultCrypto.swift */,
				57206996A054400EEF17E246 /* VaultKeyManager.swift */,
			);
			path = Crypto;
			sourceTree = "<group>";
		};
		F708F76D4CA945F06CCCAC36 /* Network */ = {
			isa = PBXGroup;
			children = (
				39481199B6CB3F3482004760 /* VaultAPIClient.swift */,
			);
			path = Network;
			sourceTree = "<group>";
		};
		FB379B7524A1335A219FB53C /* UI */ = {
			isa = PBXGroup;
			children = (
				DABB602586E7D340A1FE2723 /* Common */,
				03684D0367C92D661A483331 /* FileBrowser */,
				63E33E95FFA05CF5BFACE9B6 /* Navigation */,
				934B914091D980490FA2715E /* Paywall */,
				340F4495C577EDCE2B345EBD /* Photos */,
				CF48AA7F6A2D3D9364577FE1 /* RecycleBin */,
				296B408CAFB54CF5848969AB /* Storage */,
				51B6753A67C359F3A421D64C /* Versions */,
				FF0799418A90247C8850E78E /* Settings */,
			);
			path = UI;
			sourceTree = "<group>";
		};
		FF0799418A90247C8850E78E /* Settings */ = {
			isa = PBXGroup;
			children = (
			);
			name = Settings;
			path = Settings;
			sourceTree = "<group>";
		};
		FF40ECBC8C5048529843567F /* FileProvider */ = {
			isa = PBXGroup;
			children = (
				822D4EFE0CEE5C0D5965D1B5 /* Info.plist */,
				F830083E2B12A292C784C99C /* VaultEnumerator.swift */,
				B734F330E1459EE76E1B8FF0 /* VaultFileProvider.entitlements */,
				2FA57DD1324F970B95130AE8 /* VaultFileProviderExtension.swift */,
				E6689E73FC23CF8E1C76216D /* VaultFileProviderItem.swift */,
			);
			path = FileProvider;
			sourceTree = "<group>";
		};
/* End PBXGroup section */

/* Begin PBXNativeTarget section */
		0C3A387E25CA827AD2C7B92D /* VaultyxUITests */ = {
			isa = PBXNativeTarget;
			buildConfigurationList = F316B2C4F28D1CC040066D12 /* Build configuration list for PBXNativeTarget "VaultyxUITests" */;
			buildPhases = (
				CAA23005E14E1BDC5F7CCA7D /* Sources */,
			);
			buildRules = (
			);
			dependencies = (
				CAFBCDEF8F153D855A2A3876 /* PBXTargetDependency */,
			);
			name = VaultyxUITests;
			productName = VaultyxUITests;
			productReference = 707B03DB138F4BCB577609CF /* VaultyxUITests.xctest */;
			productType = "com.apple.product-type.bundle.ui-testing";
		};
		0EAB2EDFE929AFB661C06B7A /* VaultFileProvider */ = {
			isa = PBXNativeTarget;
			buildConfigurationList = C1EA617254D2B162E87DDB15 /* Build configuration list for PBXNativeTarget "VaultFileProvider" */;
			buildPhases = (
				69781BD3BD7290A779B00E3A /* Sources */,
			);
			buildRules = (
			);
			dependencies = (
			);
			name = VaultFileProvider;
			productName = VaultFileProvider;
			productReference = A4CCFA1ADAABA739E8476F41 /* VaultFileProvider.appex */;
			productType = "com.apple.product-type.app-extension";
		};
		4C1FEDC6D48618F38825A460 /* Vaultyx */ = {
			isa = PBXNativeTarget;
			buildConfigurationList = 1D4309A56B3A73C0936B4E13 /* Build configuration list for PBXNativeTarget "Vaultyx" */;
			buildPhases = (
				ABC2103D7D4D4D0DB6262A62 /* Sources */,
				18CD258F99D811D37EA3B963 /* Resources */,
				24D81607E7E78E2DF14EA8CE /* Frameworks */,
				BB39D374C511455F29681B13 /* Embed Foundation Extensions */,
			);
			buildRules = (
			);
			dependencies = (
				44F41A651399003EF7E31BC4 /* PBXTargetDependency */,
				F48A8270C69784F311162D70 /* PBXTargetDependency */,
				3C1CB2C76DFA6F895C6B1914 /* PBXTargetDependency */,
			);
			name = Vaultyx;
			packageProductDependencies = (
				C731E6EA2BCFCB88CFEA28B3 /* KatafractStyle */,
			);
			productName = Vaultyx;
			productReference = 2F3EC444FCA480154B1E7818 /* Vaultyx.app */;
			productType = "com.apple.product-type.application";
		};
		87C2025DA51B22B4CC6AE675 /* VaultShare */ = {
			isa = PBXNativeTarget;
			buildConfigurationList = B485A1C84B0D72B12EBD7D27 /* Build configuration list for PBXNativeTarget "VaultShare" */;
			buildPhases = (
				9F970B06E4F5B55766E6D631 /* Sources */,
			);
			buildRules = (
			);
			dependencies = (
			);
			name = VaultShare;
			productName = VaultShare;
			productReference = 3D0EFA9CC6E443C612546AFC /* VaultShare.appex */;
			productType = "com.apple.product-type.app-extension";
		};
		AEC930061EE8CD5509DBD17A /* VaultyxLiveActivity */ = {
			isa = PBXNativeTarget;
			buildConfigurationList = C1A861D12D99D384C57E2501 /* Build configuration list for PBXNativeTarget "VaultyxLiveActivity" */;
			buildPhases = (
				8D10DBB0C82901B50EC7ACDC /* Sources */,
			);
			buildRules = (
			);
			dependencies = (
			);
			name = VaultyxLiveActivity;
			productName = VaultyxLiveActivity;
			productReference = D088B5DC02E6D99790A3EC67 /* VaultyxLiveActivity.appex */;
			productType = "com.apple.product-type.app-extension";
		};
/* End PBXNativeTarget section */

/* Begin PBXProject section */
		6726577CA9BEF50368DB229B /* Project object */ = {
			isa = PBXProject;
			attributes = {
				BuildIndependentTargetsInParallel = YES;
				LastUpgradeCheck = 2641;
				TargetAttributes = {
					0C3A387E25CA827AD2C7B92D = {
						DevelopmentTeam = 2SGGP65W6C;
						ProvisioningStyle = Automatic;
						TestTargetID = 4C1FEDC6D48618F38825A460;
					};
					0EAB2EDFE929AFB661C06B7A = {
						DevelopmentTeam = 2SGGP65W6C;
						ProvisioningStyle = Automatic;
					};
					4C1FEDC6D48618F38825A460 = {
						DevelopmentTeam = 2SGGP65W6C;
						ProvisioningStyle = Automatic;
					};
					87C2025DA51B22B4CC6AE675 = {
						DevelopmentTeam = 2SGGP65W6C;
						ProvisioningStyle = Automatic;
					};
					AEC930061EE8CD5509DBD17A = {
						DevelopmentTeam = 2SGGP65W6C;
						ProvisioningStyle = Automatic;
					};
				};
			};
			buildConfigurationList = 7B085974777A404875EE55AC /* Build configuration list for PBXProject "Vaultyx" */;
			developmentRegion = en;
			hasScannedForEncodings = 0;
			knownRegions = (
				Base,
				en,
			);
			mainGroup = A3D77689CF04A159933CE06A;
			minimizedProjectReferenceProxies = 1;
			packageReferences = (
				B725EABE887E81F8784A8532 /* XCRemoteSwiftPackageReference "KatafractStyle" */,
			);
			preferredProjectObjectVersion = 77;
			productRefGroup = A6E36D091AF0E1C6BC0EFA1B /* Products */;
			projectDirPath = "";
			projectRoot = "";
			targets = (
				0EAB2EDFE929AFB661C06B7A /* VaultFileProvider */,
				87C2025DA51B22B4CC6AE675 /* VaultShare */,
				4C1FEDC6D48618F38825A460 /* Vaultyx */,
				AEC930061EE8CD5509DBD17A /* VaultyxLiveActivity */,
				0C3A387E25CA827AD2C7B92D /* VaultyxUITests */,
			);
		};
/* End PBXProject section */

/* Begin PBXResourcesBuildPhase section */
		18CD258F99D811D37EA3B963 /* Resources */ = {
			isa = PBXResourcesBuildPhase;
			buildActionMask = 2147483647;
			files = (
				C4C8FD1EE72A7FBE8C5F82DE /* Assets.xcassets in Resources */,
				E819F4F755796FE2B7FAE42A /* PrivacyInfo.xcprivacy in Resources */,
			);
			runOnlyForDeploymentPostprocessing = 0;
		};
/* End PBXResourcesBuildPhase section */

/* Begin PBXSourcesBuildPhase section */
		69781BD3BD7290A779B00E3A /* Sources */ = {
			isa = PBXSourcesBuildPhase;
			buildActionMask = 2147483647;
			files = (
				D3CED8B7A7D1A54F51BB39A9 /* VaultEnumerator.swift in Sources */,
				22677524649F4F01E48869FF /* VaultFileProviderExtension.swift in Sources */,
				B44A5B4D6B617F83DEB21DF1 /* VaultFileProviderItem.swift in Sources */,
			);
			runOnlyForDeploymentPostprocessing = 0;
		};
		8D10DBB0C82901B50EC7ACDC /* Sources */ = {
			isa = PBXSourcesBuildPhase;
			buildActionMask = 2147483647;
			files = (
				8F5E7A82B937DF96ECE245BA /* VaultyxLiveActivity.swift in Sources */,
				2472066A79D3D0D2308204DD /* VaultyxUploadAttributes.swift in Sources */,
				67C980072E49DDDCF40D3845 /* VaultyxUploadLiveActivity.swift in Sources */,
			);
			runOnlyForDeploymentPostprocessing = 0;
		};
		9F970B06E4F5B55766E6D631 /* Sources */ = {
			isa = PBXSourcesBuildPhase;
			buildActionMask = 2147483647;
			files = (
				794722FF3786E664549B4A65 /* ShareViewController.swift in Sources */,
			);
			runOnlyForDeploymentPostprocessing = 0;
		};
		ABC2103D7D4D4D0DB6262A62 /* Sources */ = {
			isa = PBXSourcesBuildPhase;
			buildActionMask = 2147483647;
			files = (
				A0E1F2B3CC7B4E8A91C3D5F6 /* AppGroupDiagnosticsView.swift in Sources */,
				5335A8A41F531B95DD25B633 /* BIP39WordList.swift in Sources */,
				898A5F2A42F458D9140D0EC5 /* BackedUpAsset.swift in Sources */,
				5C2AB085574802735BEB0B8B /* BiometricLock.swift in Sources */,
				120B7D1FFD2218AF6D7987ED /* CategoryFilterBar.swift in Sources */,
				C1220AB949F9D89560372244 /* ContentView.swift in Sources */,
				FDD97B0168192EC903D8F70A /* DocArmorBridge.swift in Sources */,
				40A2FC991EF7F5D7369F0552 /* DocArmorFolderView.swift in Sources */,
				AC9BC416E472F06FB1FD5475 /* EnclaveAppGroupWriter.swift in Sources */,
				180C0378CDEADF6688701252 /* FastCDC.swift in Sources */,
				39CF40E317CD9EB5E7151A95 /* FileBrowserListRow.swift in Sources */,
				781EDBA16BA48455306F69D9 /* FileBrowserView.swift in Sources */,
				08202F7049DAE17F872DED02 /* FileBrowserViewModel.swift in Sources */,
				4878D7A64BCDEDE6CE81C418 /* FileCategory.swift in Sources */,
				8C3396243A01EF74A7144B45 /* FileDownloadProgressBanner.swift in Sources */,
				E481B503E212216C97EF983C /* FileGridView.swift in Sources */,
				93F96A9CFF784471A6030B61 /* FileIconView.swift in Sources */,
				85F2286A32BE2A91E14D9651 /* FilePreviewSheet.swift in Sources */,
				0768763F3FE4FA32EB871EF8 /* FileRowView.swift in Sources */,
				4AF8427238D557CB0235A132 /* FileUploadProgressBanner.swift in Sources */,
				AA364500DCC296D5D3C4CCB8 /* FileVersionsView.swift in Sources */,
				721108FC19B9F0974EF7568B /* FolderPickerSheet.swift in Sources */,
				F8704CEBE0B1DE2580CAA919 /* FounderRedeemSheet.swift in Sources */,
				7980FC2D27B6826C7B2E5E96 /* Keychain.swift in Sources */,
				9A1FE3E5332445DCEA98DEBC /* LaunchSplashView.swift in Sources */,
				E66703D0A812B99E037A6F5C /* LockScreenView.swift in Sources */,
				DC7744F9666277289AFB7642 /* MainTabView.swift in Sources */,
				686E81F9A034C5FD34908239 /* MasterKeyBootstrap.swift in Sources */,
				1DF994B4ACF9ADAAD07B9D8D /* PaywallView.swift in Sources */,
				7FA737D88616FE6464506964 /* PerFolderLock.swift in Sources */,
				1EDF50F93C2B5940762630EA /* PhotoBackupManager.swift in Sources */,
				B5FECDA48412C9D8825AA3B6 /* PhotoThumbnailView.swift in Sources */,
				6CE6B4F454D6004B1C6B36F0 /* PhotosView.swift in Sources */,
				0B14464E34124455D8BF8D87 /* PhotosViewModel.swift in Sources */,
				F458FECDE0791AE6B7923125 /* RecoveryPhrase.swift in Sources */,
				5C07A228E435EC5660307850 /* RecoveryPhraseView.swift in Sources */,
				168FABFD234FAE229D465E39 /* RecycleBinView.swift in Sources */,
				0ED0E21705C12269486A78EC /* RestoreFromPhraseView.swift in Sources */,
				BE4225CBFB6D9882888695FD /* ScreenshotMode.swift in Sources */,
				C0D1E2F3A4B5C6D7E8F9A0B1 /* DebugLog+UI.swift in Sources */,
				5C26E2A9C0580A7ED6A04EAB /* StorageQuotaView.swift in Sources */,
				871CB667B019E09C79141701 /* SubscriptionStore.swift in Sources */,
				4EE3E11259C8DEE40B2A1409 /* SyncState.swift in Sources */,
				6112717A5D57013A9CC2C84E /* TokenRedemptionView.swift in Sources */,
				3247EF3D1C2330AAB2220145 /* UndoToast.swift in Sources */,
				B09E84ACCB6D75A18920538E /* VaultAPIClient.swift in Sources */,
				92B2CCF639BD26855C309B5D /* VaultActivityManager.swift in Sources */,
				41A3153ED942A7D314CE4A8F /* VaultApp.swift in Sources */,
				E2C2540C830357D7056CA53E /* VaultChunk.swift in Sources */,
				0ABDF00DE0E41618712B96BB /* VaultCrypto.swift in Sources */,
				D43E8A76C2FE0AF4FB6EC226 /* VaultFile.swift in Sources */,
				0C0E5E9208BCB9FBFBBD910B /* VaultFileItem.swift in Sources */,
				D95EE6F8A200E3B41060CE70 /* VaultFolder.swift in Sources */,
				A32B8BE42C5BC137DF1703EF /* VaultKeyManager.swift in Sources */,
				55EEDFA62DCAD6B8EB523420 /* VaultManifest.swift in Sources */,
				7CEB072609382D8E3D11256B /* VaultServices.swift in Sources */,
				B726502AEAF163541D69BD5E /* VaultSyncEngine.swift in Sources */,
				8751ACD78548AE1FD6453A3D /* VaultTreeSync.swift in Sources */,
				2670E40A7A865D8B915F0B09 /* VaultyxUploadAttributes.swift in Sources */,
				F29337BD12474B13C36EF0F1 /* CapacityPickerView.swift in Sources */,
				856E4D1FB39D017DEEF19123 /* BackgroundUploadCoordinator.swift in Sources */,
				7A3BBDA938D07032F6CA5DA0 /* StuckItemsView.swift in Sources */,
				223BAC90A5E031B2BD6F3964 /* NetworkReachability.swift in Sources */,
				78B4FFFEEE270F78A4148163 /* SyncObjCBridge.m in Sources */,
			);
			runOnlyForDeploymentPostprocessing = 0;
		};
		CAA23005E14E1BDC5F7CCA7D /* Sources */ = {
			isa = PBXSourcesBuildPhase;
			buildActionMask = 2147483647;
			files = (
				6CFC3F3E28AEE9B5D26D6884 /* SnapshotHelper.swift in Sources */,
				8B6DC046CDF9D96782C89D48 /* VaultyxScreenshotTests.swift in Sources */,
			);
			runOnlyForDeploymentPostprocessing = 0;
		};
/* End PBXSourcesBuildPhase section */

/* Begin PBXTargetDependency section */
		3C1CB2C76DFA6F895C6B1914 /* PBXTargetDependency */ = {
			isa = PBXTargetDependency;
			target = AEC930061EE8CD5509DBD17A /* VaultyxLiveActivity */;
			targetProxy = 77E190F36C2DC8404A37AAEB /* PBXContainerItemProxy */;
		};
		44F41A651399003EF7E31BC4 /* PBXTargetDependency */ = {
			isa = PBXTargetDependency;
			target = 0EAB2EDFE929AFB661C06B7A /* VaultFileProvider */;
			targetProxy = 6B722B191DCCA7917C041390 /* PBXContainerItemProxy */;
		};
		CAFBCDEF8F153D855A2A3876 /* PBXTargetDependency */ = {
			isa = PBXTargetDependency;
			target = 4C1FEDC6D48618F38825A460 /* Vaultyx */;
			targetProxy = 46161F16CC65526919B4B269 /* PBXContainerItemProxy */;
		};
		F48A8270C69784F311162D70 /* PBXTargetDependency */ = {
			isa = PBXTargetDependency;
			target = 87C2025DA51B22B4CC6AE675 /* VaultShare */;
			targetProxy = 3F08345D7E6BF04C20BCD4F3 /* PBXContainerItemProxy */;
		};
/* End PBXTargetDependency section */

/* Begin XCBuildConfiguration section */
		0E16347B75B21E18D1858868 /* Debug */ = {
			isa = XCBuildConfiguration;
			buildSettings = {
				CODE_SIGN_ENTITLEMENTS = ShareExtension/VaultShare.entitlements;
				GENERATE_INFOPLIST_FILE = NO;
				INFOPLIST_FILE = ShareExtension/Info.plist;
				LD_RUNPATH_SEARCH_PATHS = (
					"$(inherited)",
					"@executable_path/Frameworks",
					"@executable_path/../../Frameworks",
				);
				PRODUCT_BUNDLE_IDENTIFIER = com.katafract.vault.share;
				PRODUCT_NAME = VaultShare;
				SDKROOT = iphoneos;
				TARGETED_DEVICE_FAMILY = "1,2";
			};
			name = Debug;
		};
		2FE185D1091DCE5693A9BF48 /* Debug */ = {
			isa = XCBuildConfiguration;
			buildSettings = {
				CODE_SIGN_ENTITLEMENTS = VaultyxLiveActivity/VaultyxLiveActivity.entitlements;
				GENERATE_INFOPLIST_FILE = NO;
				INFOPLIST_FILE = VaultyxLiveActivity/Info.plist;
				IPHONEOS_DEPLOYMENT_TARGET = 17.0;
				LD_RUNPATH_SEARCH_PATHS = (
					"$(inherited)",
					"@executable_path/Frameworks",
					"@executable_path/../../Frameworks",
				);
				PRODUCT_BUNDLE_IDENTIFIER = com.katafract.vault.liveactivity;
				PRODUCT_NAME = VaultyxLiveActivity;
				SDKROOT = iphoneos;
				SWIFT_VERSION = 5.10;
				TARGETED_DEVICE_FAMILY = "1,2";
			};
			name = Debug;
		};
		4239C0E4D06C2DE69E5F98C9 /* Release */ = {
			isa = XCBuildConfiguration;
			buildSettings = {
				CODE_SIGN_ENTITLEMENTS = ShareExtension/VaultShare.entitlements;
				GENERATE_INFOPLIST_FILE = NO;
				INFOPLIST_FILE = ShareExtension/Info.plist;
				LD_RUNPATH_SEARCH_PATHS = (
					"$(inherited)",
					"@executable_path/Frameworks",
					"@executable_path/../../Frameworks",
				);
				PRODUCT_BUNDLE_IDENTIFIER = com.katafract.vault.share;
				PRODUCT_NAME = VaultShare;
				SDKROOT = iphoneos;
				TARGETED_DEVICE_FAMILY = "1,2";
			};
			name = Release;
		};
		43841A172255E9F1DD7B8FDF /* Debug */ = {
			isa = XCBuildConfiguration;
			buildSettings = {
				ASSETCATALOG_COMPILER_APPICON_NAME = AppIcon;
				CODE_SIGN_ENTITLEMENTS = Sources/App/Vaultyx.entitlements;
				GENERATE_INFOPLIST_FILE = NO;
				INFOPLIST_FILE = Sources/App/Info.plist;
				LD_RUNPATH_SEARCH_PATHS = (
					"$(inherited)",
					"@executable_path/Frameworks",
				);
				PRIVACY_MANIFEST_FILE = Sources/App/PrivacyInfo.xcprivacy;
				PRODUCT_BUNDLE_IDENTIFIER = com.katafract.vault;
				PRODUCT_NAME = Vaultyx;
				SDKROOT = iphoneos;
				SWIFT_OBJC_BRIDGING_HEADER = "Sources/Vaultyx-Bridging-Header.h";
				TARGETED_DEVICE_FAMILY = "1,2";
			};
			name = Debug;
		};
		7B48B59FBEA91684EAFEF601 /* Release */ = {
			isa = XCBuildConfiguration;
			buildSettings = {
				BUNDLE_LOADER = "$(TEST_HOST)";
				GENERATE_INFOPLIST_FILE = YES;
				LD_RUNPATH_SEARCH_PATHS = (
					"$(inherited)",
					"@executable_path/Frameworks",
					"@loader_path/Frameworks",
				);
				PRODUCT_BUNDLE_IDENTIFIER = com.katafract.vault.uitests;
				SDKROOT = iphoneos;
				TARGETED_DEVICE_FAMILY = "1,2";
				TEST_TARGET_NAME = Vaultyx;
			};
			name = Release;
		};
		89B14DDC4C01625B2D40F98D /* Release */ = {
			isa = XCBuildConfiguration;
			buildSettings = {
				ALWAYS_SEARCH_USER_PATHS = NO;
				CLANG_ANALYZER_NONNULL = YES;
				CLANG_ANALYZER_NUMBER_OBJECT_CONVERSION = YES_AGGRESSIVE;
				CLANG_CXX_LANGUAGE_STANDARD = "gnu++14";
				CLANG_CXX_LIBRARY = "libc++";
				CLANG_ENABLE_MODULES = YES;
				CLANG_ENABLE_OBJC_ARC = YES;
				CLANG_ENABLE_OBJC_WEAK = YES;
				CLANG_WARN_BLOCK_CAPTURE_AUTORELEASING = YES;
				CLANG_WARN_BOOL_CONVERSION = YES;
				CLANG_WARN_COMMA = YES;
				CLANG_WARN_CONSTANT_CONVERSION = YES;
				CLANG_WARN_DEPRECATED_OBJC_IMPLEMENTATIONS = YES;
				CLANG_WARN_DIRECT_OBJC_ISA_USAGE = YES_ERROR;
				CLANG_WARN_DOCUMENTATION_COMMENTS = YES;
				CLANG_WARN_EMPTY_BODY = YES;
				CLANG_WARN_ENUM_CONVERSION = YES;
				CLANG_WARN_INFINITE_RECURSION = YES;
				CLANG_WARN_INT_CONVERSION = YES;
				CLANG_WARN_NON_LITERAL_NULL_CONVERSION = YES;
				CLANG_WARN_OBJC_IMPLICIT_RETAIN_SELF = YES;
				CLANG_WARN_OBJC_LITERAL_CONVERSION = YES;
				CLANG_WARN_OBJC_ROOT_CLASS = YES_ERROR;
				CLANG_WARN_QUOTED_INCLUDE_IN_FRAMEWORK_HEADER = YES;
				CLANG_WARN_RANGE_LOOP_ANALYSIS = YES;
				CLANG_WARN_STRICT_PROTOTYPES = YES;
				CLANG_WARN_SUSPICIOUS_MOVE = YES;
				CLANG_WARN_UNGUARDED_AVAILABILITY = YES_AGGRESSIVE;
				CLANG_WARN_UNREACHABLE_CODE = YES;
				CLANG_WARN__DUPLICATE_METHOD_MATCH = YES;
				CODE_SIGN_STYLE = Automatic;
				COPY_PHASE_STRIP = NO;
				CURRENT_PROJECT_VERSION = 12;
				DEBUG_INFORMATION_FORMAT = "dwarf-with-dsym";
				DEVELOPMENT_TEAM = 2SGGP65W6C;
				ENABLE_NS_ASSERTIONS = NO;
				ENABLE_STRICT_OBJC_MSGSEND = YES;
				GCC_C_LANGUAGE_STANDARD = gnu11;
				GCC_NO_COMMON_BLOCKS = YES;
				GCC_WARN_64_TO_32_BIT_CONVERSION = YES;
				GCC_WARN_ABOUT_RETURN_TYPE = YES_ERROR;
				GCC_WARN_UNDECLARED_SELECTOR = YES;
				GCC_WARN_UNINITIALIZED_AUTOS = YES_AGGRESSIVE;
				GCC_WARN_UNUSED_FUNCTION = YES;
				GCC_WARN_UNUSED_VARIABLE = YES;
				IPHONEOS_DEPLOYMENT_TARGET = 17.0;
				MARKETING_VERSION = 1.0.5;
				MTL_ENABLE_DEBUG_INFO = NO;
				MTL_FAST_MATH = YES;
				PRODUCT_NAME = "$(TARGET_NAME)";
				SDKROOT = iphoneos;
				SWIFT_COMPILATION_MODE = wholemodule;
				SWIFT_OPTIMIZATION_LEVEL = "-O";
				SWIFT_VERSION = 5.10;
			};
			name = Release;
		};
		9D2F076051B963BDAD289D37 /* Debug */ = {
			isa = XCBuildConfiguration;
			buildSettings = {
				CODE_SIGN_ENTITLEMENTS = FileProvider/VaultFileProvider.entitlements;
				GENERATE_INFOPLIST_FILE = NO;
				INFOPLIST_FILE = FileProvider/Info.plist;
				LD_RUNPATH_SEARCH_PATHS = (
					"$(inherited)",
					"@executable_path/Frameworks",
					"@executable_path/../../Frameworks",
				);
				PRODUCT_BUNDLE_IDENTIFIER = com.katafract.vault.fileprovider;
				PRODUCT_NAME = VaultFileProvider;
				SDKROOT = iphoneos;
				TARGETED_DEVICE_FAMILY = "1,2";
			};
			name = Debug;
		};
		B63DA167D6023BBA9C6CCA22 /* Release */ = {
			isa = XCBuildConfiguration;
			buildSettings = {
				ASSETCATALOG_COMPILER_APPICON_NAME = AppIcon;
				CODE_SIGN_ENTITLEMENTS = Sources/App/Vaultyx.entitlements;
				GENERATE_INFOPLIST_FILE = NO;
				INFOPLIST_FILE = Sources/App/Info.plist;
				LD_RUNPATH_SEARCH_PATHS = (
					"$(inherited)",
					"@executable_path/Frameworks",
				);
				PRIVACY_MANIFEST_FILE = Sources/App/PrivacyInfo.xcprivacy;
				PRODUCT_BUNDLE_IDENTIFIER = com.katafract.vault;
				PRODUCT_NAME = Vaultyx;
				SDKROOT = iphoneos;
				SWIFT_OBJC_BRIDGING_HEADER = "Sources/Vaultyx-Bridging-Header.h";
				TARGETED_DEVICE_FAMILY = "1,2";
			};
			name = Release;
		};
		CD81CFF5D413BD7FE103C5E1 /* Release */ = {
			isa = XCBuildConfiguration;
			buildSettings = {
				CODE_SIGN_ENTITLEMENTS = FileProvider/VaultFileProvider.entitlements;
				GENERATE_INFOPLIST_FILE = NO;
				INFOPLIST_FILE = FileProvider/Info.plist;
				LD_RUNPATH_SEARCH_PATHS = (
					"$(inherited)",
					"@executable_path/Frameworks",
					"@executable_path/../../Frameworks",
				);
				PRODUCT_BUNDLE_IDENTIFIER = com.katafract.vault.fileprovider;
				PRODUCT_NAME = VaultFileProvider;
				SDKROOT = iphoneos;
				TARGETED_DEVICE_FAMILY = "1,2";
			};
			name = Release;
		};
		D1A8388A50C0BDA7BAFE84F3 /* Release */ = {
			isa = XCBuildConfiguration;
			buildSettings = {
				CODE_SIGN_ENTITLEMENTS = VaultyxLiveActivity/VaultyxLiveActivity.entitlements;
				GENERATE_INFOPLIST_FILE = NO;
				INFOPLIST_FILE = VaultyxLiveActivity/Info.plist;
				IPHONEOS_DEPLOYMENT_TARGET = 17.0;
				LD_RUNPATH_SEARCH_PATHS = (
					"$(inherited)",
					"@executable_path/Frameworks",
					"@executable_path/../../Frameworks",
				);
				PRODUCT_BUNDLE_IDENTIFIER = com.katafract.vault.liveactivity;
				PRODUCT_NAME = VaultyxLiveActivity;
				SDKROOT = iphoneos;
				SWIFT_VERSION = 5.10;
				TARGETED_DEVICE_FAMILY = "1,2";
			};
			name = Release;
		};
		D2E548F68E36DAE24887CF5C /* Debug */ = {
			isa = XCBuildConfiguration;
			buildSettings = {
				BUNDLE_LOADER = "$(TEST_HOST)";
				GENERATE_INFOPLIST_FILE = YES;
				LD_RUNPATH_SEARCH_PATHS = (
					"$(inherited)",
					"@executable_path/Frameworks",
					"@loader_path/Frameworks",
				);
				PRODUCT_BUNDLE_IDENTIFIER = com.katafract.vault.uitests;
				SDKROOT = iphoneos;
				TARGETED_DEVICE_FAMILY = "1,2";
				TEST_TARGET_NAME = Vaultyx;
			};
			name = Debug;
		};
		EC311AD7A117C365D6AC5367 /* Debug */ = {
			isa = XCBuildConfiguration;
			buildSettings = {
				ALWAYS_SEARCH_USER_PATHS = NO;
				CLANG_ANALYZER_NONNULL = YES;
				CLANG_ANALYZER_NUMBER_OBJECT_CONVERSION = YES_AGGRESSIVE;
				CLANG_CXX_LANGUAGE_STANDARD = "gnu++14";
				CLANG_CXX_LIBRARY = "libc++";
				CLANG_ENABLE_MODULES = YES;
				CLANG_ENABLE_OBJC_ARC = YES;
				CLANG_ENABLE_OBJC_WEAK = YES;
				CLANG_WARN_BLOCK_CAPTURE_AUTORELEASING = YES;
				CLANG_WARN_BOOL_CONVERSION = YES;
				CLANG_WARN_COMMA = YES;
				CLANG_WARN_CONSTANT_CONVERSION = YES;
				CLANG_WARN_DEPRECATED_OBJC_IMPLEMENTATIONS = YES;
				CLANG_WARN_DIRECT_OBJC_ISA_USAGE = YES_ERROR;
				CLANG_WARN_DOCUMENTATION_COMMENTS = YES;
				CLANG_WARN_EMPTY_BODY = YES;
				CLANG_WARN_ENUM_CONVERSION = YES;
				CLANG_WARN_INFINITE_RECURSION = YES;
				CLANG_WARN_INT_CONVERSION = YES;
				CLANG_WARN_NON_LITERAL_NULL_CONVERSION = YES;
				CLANG_WARN_OBJC_IMPLICIT_RETAIN_SELF = YES;
				CLANG_WARN_OBJC_LITERAL_CONVERSION = YES;
				CLANG_WARN_OBJC_ROOT_CLASS = YES_ERROR;
				CLANG_WARN_QUOTED_INCLUDE_IN_FRAMEWORK_HEADER = YES;
				CLANG_WARN_RANGE_LOOP_ANALYSIS = YES;
				CLANG_WARN_STRICT_PROTOTYPES = YES;
				CLANG_WARN_SUSPICIOUS_MOVE = YES;
				CLANG_WARN_UNGUARDED_AVAILABILITY = YES_AGGRESSIVE;
				CLANG_WARN_UNREACHABLE_CODE = YES;
				CLANG_WARN__DUPLICATE_METHOD_MATCH = YES;
				CODE_SIGN_STYLE = Automatic;
				COPY_PHASE_STRIP = NO;
				CURRENT_PROJECT_VERSION = 12;
				DEBUG_INFORMATION_FORMAT = dwarf;
				DEVELOPMENT_TEAM = 2SGGP65W6C;
				ENABLE_STRICT_OBJC_MSGSEND = YES;
				ENABLE_TESTABILITY = YES;
				GCC_C_LANGUAGE_STANDARD = gnu11;
				GCC_DYNAMIC_NO_PIC = NO;
				GCC_NO_COMMON_BLOCKS = YES;
				GCC_OPTIMIZATION_LEVEL = 0;
				GCC_PREPROCESSOR_DEFINITIONS = (
					"$(inherited)",
					"DEBUG=1",
				);
				GCC_WARN_64_TO_32_BIT_CONVERSION = YES;
				GCC_WARN_ABOUT_RETURN_TYPE = YES_ERROR;
				GCC_WARN_UNDECLARED_SELECTOR = YES;
				GCC_WARN_UNINITIALIZED_AUTOS = YES_AGGRESSIVE;
				GCC_WARN_UNUSED_FUNCTION = YES;
				GCC_WARN_UNUSED_VARIABLE = YES;
				IPHONEOS_DEPLOYMENT_TARGET = 17.0;
				MARKETING_VERSION = 1.0.5;
				MTL_ENABLE_DEBUG_INFO = INCLUDE_SOURCE;
				MTL_FAST_MATH = YES;
				ONLY_ACTIVE_ARCH = YES;
				PRODUCT_NAME = "$(TARGET_NAME)";
				SDKROOT = iphoneos;
				SWIFT_ACTIVE_COMPILATION_CONDITIONS = DEBUG;
				SWIFT_OPTIMIZATION_LEVEL = "-Onone";
				SWIFT_VERSION = 5.10;
			};
			name = Debug;
		};
/* End XCBuildConfiguration section */

/* Begin XCConfigurationList section */
		1D4309A56B3A73C0936B4E13 /* Build configuration list for PBXNativeTarget "Vaultyx" */ = {
			isa = XCConfigurationList;
			buildConfigurations = (
				43841A172255E9F1DD7B8FDF /* Debug */,
				B63DA167D6023BBA9C6CCA22 /* Release */,
			);
			defaultConfigurationIsVisible = 0;
			defaultConfigurationName = Debug;
		};
		7B085974777A404875EE55AC /* Build configuration list for PBXProject "Vaultyx" */ = {
			isa = XCConfigurationList;
			buildConfigurations = (
				EC311AD7A117C365D6AC5367 /* Debug */,
				89B14DDC4C01625B2D40F98D /* Release */,
			);
			defaultConfigurationIsVisible = 0;
			defaultConfigurationName = Debug;
		};
		B485A1C84B0D72B12EBD7D27 /* Build configuration list for PBXNativeTarget "VaultShare" */ = {
			isa = XCConfigurationList;
			buildConfigurations = (
				0E16347B75B21E18D1858868 /* Debug */,
				4239C0E4D06C2DE69E5F98C9 /* Release */,
			);
			defaultConfigurationIsVisible = 0;
			defaultConfigurationName = Debug;
		};
		C1A861D12D99D384C57E2501 /* Build configuration list for PBXNativeTarget "VaultyxLiveActivity" */ = {
			isa = XCConfigurationList;
			buildConfigurations = (
				2FE185D1091DCE5693A9BF48 /* Debug */,
				D1A8388A50C0BDA7BAFE84F3 /* Release */,
			);
			defaultConfigurationIsVisible = 0;
			defaultConfigurationName = Debug;
		};
		C1EA617254D2B162E87DDB15 /* Build configuration list for PBXNativeTarget "VaultFileProvider" */ = {
			isa = XCConfigurationList;
			buildConfigurations = (
				9D2F076051B963BDAD289D37 /* Debug */,
				CD81CFF5D413BD7FE103C5E1 /* Release */,
			);
			defaultConfigurationIsVisible = 0;
			defaultConfigurationName = Debug;
		};
		F316B2C4F28D1CC040066D12 /* Build configuration list for PBXNativeTarget "VaultyxUITests" */ = {
			isa = XCConfigurationList;
			buildConfigurations = (
				D2E548F68E36DAE24887CF5C /* Debug */,
				7B48B59FBEA91684EAFEF601 /* Release */,
			);
			defaultConfigurationIsVisible = 0;
			defaultConfigurationName = Debug;
		};
/* End XCConfigurationList section */

/* Begin XCRemoteSwiftPackageReference section */
		B725EABE887E81F8784A8532 /* XCRemoteSwiftPackageReference "KatafractStyle" */ = {
			isa = XCRemoteSwiftPackageReference;
			repositoryURL = "https://github.com/katafractured/KatafractStyle.git";
			requirement = {
				kind = upToNextMajorVersion;
				minimumVersion = 0.1.2;
			};
		};
/* End XCRemoteSwiftPackageReference section */

/* Begin XCSwiftPackageProductDependency section */
		C731E6EA2BCFCB88CFEA28B3 /* KatafractStyle */ = {
			isa = XCSwiftPackageProductDependency;
			package = B725EABE887E81F8784A8532 /* XCRemoteSwiftPackageReference "KatafractStyle" */;
			productName = KatafractStyle;
		};
/* End XCSwiftPackageProductDependency section */
	};
	rootObject = 6726577CA9BEF50368DB229B /* Project object */;
}
