{
  "originHash" : "5b994c3f0992eaf3f2ace141ef47f1a7f5fa19d91fd5296c084b938d58c13590",
  "pins" : [
    {
      "identity" : "katafractstyle",
      "kind" : "remoteSourceControl",
      "location" : "https://github.com/katafractured/KatafractStyle.git",
      "state" : {
        "revision" : "bf08623213c5c979b64847e5cee877952ccc05a9",
        "version" : "0.1.2"
      }
    }
  ],
  "version" : 3
}
